// !$*UTF8*$!
{
	archiveVersion = 1;
	classes = {
	};
	objectVersion = 46;
	objects = {

/* Begin PBXBuildFile section */
		335F09501A14F47A001BCB49 /* DMCustomIssuesWindowController.h in Headers */ = {isa = PBXBuildFile; fileRef = 335F094E1A14F47A001BCB49 /* DMCustomIssuesWindowController.h */; settings = {ATTRIBUTES = (Public, ); }; };
		335F09511A14F47A001BCB49 /* DMCustomIssuesWindowController.m in Sources */ = {isa = PBXBuildFile; fileRef = 335F094F1A14F47A001BCB49 /* DMCustomIssuesWindowController.m */; };
		335F09521A14F849001BCB49 /* DevMateKit.framework in Frameworks */ = {isa = PBXBuildFile; fileRef = 335F08EA1A14C489001BCB49 /* DevMateKit.framework */; };
		335F09541A14F933001BCB49 /* DMCustomIssuesWindow.xib in Resources */ = {isa = PBXBuildFile; fileRef = 335F09531A14F933001BCB49 /* DMCustomIssuesWindow.xib */; };
		335F096D1A152B1F001BCB49 /* DevMateKit.framework in Frameworks */ = {isa = PBXBuildFile; fileRef = 335F08EA1A14C489001BCB49 /* DevMateKit.framework */; };
		335F09771A152B1F001BCB49 /* DevMateKit.framework in Copy Frameworks */ = {isa = PBXBuildFile; fileRef = 335F08EA1A14C489001BCB49 /* DevMateKit.framework */; settings = {ATTRIBUTES = (CodeSignOnCopy, RemoveHeadersOnCopy, ); }; };
		335F09871A152B4F001BCB49 /* DMTrackingDelegate.m in Sources */ = {isa = PBXBuildFile; fileRef = 335F09861A152B4F001BCB49 /* DMTrackingDelegate.m */; };
		335F09881A152BAC001BCB49 /* main.m in Sources */ = {isa = PBXBuildFile; fileRef = 335F09821A152B41001BCB49 /* main.m */; };
		335F098C1A152C77001BCB49 /* MainMenu.xib in Resources */ = {isa = PBXBuildFile; fileRef = 335F098B1A152C77001BCB49 /* MainMenu.xib */; };
		335F09931A152EC9001BCB49 /* main.m in Sources */ = {isa = PBXBuildFile; fileRef = 335F09821A152B41001BCB49 /* main.m */; };
		335F09961A152EC9001BCB49 /* DevMateKit.framework in Frameworks */ = {isa = PBXBuildFile; fileRef = 335F08EA1A14C489001BCB49 /* DevMateKit.framework */; };
		335F099B1A152EC9001BCB49 /* DevMateKit.framework in Copy Frameworks */ = {isa = PBXBuildFile; fileRef = 335F08EA1A14C489001BCB49 /* DevMateKit.framework */; settings = {ATTRIBUTES = (CodeSignOnCopy, RemoveHeadersOnCopy, ); }; };
		335F09A11A152F0F001BCB49 /* DMFeedbackDelegate.m in Sources */ = {isa = PBXBuildFile; fileRef = 335F09901A152EB2001BCB49 /* DMFeedbackDelegate.m */; };
		335F09A41A15302C001BCB49 /* DMCustomFeedbackWindow.xib in Resources */ = {isa = PBXBuildFile; fileRef = 335F098E1A152EB2001BCB49 /* DMCustomFeedbackWindow.xib */; };
		335F09A51A153038001BCB49 /* background.png in Resources */ = {isa = PBXBuildFile; fileRef = 335F097E1A152B41001BCB49 /* background.png */; };
		335F09A91A1530C9001BCB49 /* main.m in Sources */ = {isa = PBXBuildFile; fileRef = 335F09821A152B41001BCB49 /* main.m */; };
		335F09AB1A1530C9001BCB49 /* DevMateKit.framework in Frameworks */ = {isa = PBXBuildFile; fileRef = 335F08EA1A14C489001BCB49 /* DevMateKit.framework */; };
		335F09B31A1530C9001BCB49 /* DevMateKit.framework in Copy Frameworks */ = {isa = PBXBuildFile; fileRef = 335F08EA1A14C489001BCB49 /* DevMateKit.framework */; settings = {ATTRIBUTES = (CodeSignOnCopy, RemoveHeadersOnCopy, ); }; };
		335F09C71A153173001BCB49 /* DMIssuesDelegate.m in Sources */ = {isa = PBXBuildFile; fileRef = 335F09C21A153173001BCB49 /* DMIssuesDelegate.m */; };
		335F09C91A1532D0001BCB49 /* CustomIssuesReporterUI.framework in Frameworks */ = {isa = PBXBuildFile; fileRef = 335F092F1A14F3E5001BCB49 /* CustomIssuesReporterUI.framework */; };
		335F09CA1A1532D8001BCB49 /* CustomIssuesReporterUI.framework in Copy Frameworks */ = {isa = PBXBuildFile; fileRef = 335F092F1A14F3E5001BCB49 /* CustomIssuesReporterUI.framework */; settings = {ATTRIBUTES = (CodeSignOnCopy, RemoveHeadersOnCopy, ); }; };
		335F09CB1A153372001BCB49 /* MainMenu.xib in Resources */ = {isa = PBXBuildFile; fileRef = 335F09C31A153173001BCB49 /* MainMenu.xib */; };
		335F09CC1A15337C001BCB49 /* MainMenu.xib in Resources */ = {isa = PBXBuildFile; fileRef = 335F09A21A152FA9001BCB49 /* MainMenu.xib */; };
		335F09CD1A1533C2001BCB49 /* background.png in Resources */ = {isa = PBXBuildFile; fileRef = 335F097E1A152B41001BCB49 /* background.png */; };
		335F09D31A15360B001BCB49 /* main.m in Sources */ = {isa = PBXBuildFile; fileRef = 335F09821A152B41001BCB49 /* main.m */; };
		335F09D61A15360B001BCB49 /* DevMateKit.framework in Frameworks */ = {isa = PBXBuildFile; fileRef = 335F08EA1A14C489001BCB49 /* DevMateKit.framework */; };
		335F09DB1A15360B001BCB49 /* DevMateKit.framework in Copy Frameworks */ = {isa = PBXBuildFile; fileRef = 335F08EA1A14C489001BCB49 /* DevMateKit.framework */; settings = {ATTRIBUTES = (CodeSignOnCopy, RemoveHeadersOnCopy, ); }; };
		335F09E11A153661001BCB49 /* DMUpdatesDelegate.m in Sources */ = {isa = PBXBuildFile; fileRef = 335F09D01A153550001BCB49 /* DMUpdatesDelegate.m */; };
		335F09E31A153674001BCB49 /* MainMenu.xib in Resources */ = {isa = PBXBuildFile; fileRef = 335F09E21A153674001BCB49 /* MainMenu.xib */; };
		335F09E61A15DD21001BCB49 /* main.m in Sources */ = {isa = PBXBuildFile; fileRef = 335F09821A152B41001BCB49 /* main.m */; };
		335F09E91A15DD21001BCB49 /* DevMateKit.framework in Frameworks */ = {isa = PBXBuildFile; fileRef = 335F08EA1A14C489001BCB49 /* DevMateKit.framework */; };
		335F09EE1A15DD21001BCB49 /* DevMateKit.framework in Copy Frameworks */ = {isa = PBXBuildFile; fileRef = 335F08EA1A14C489001BCB49 /* DevMateKit.framework */; settings = {ATTRIBUTES = (CodeSignOnCopy, RemoveHeadersOnCopy, ); }; };
		335F0A051A15DF1D001BCB49 /* DMTimeTrialDelegate.m in Sources */ = {isa = PBXBuildFile; fileRef = 335F0A031A15DF1D001BCB49 /* DMTimeTrialDelegate.m */; };
		335F0A061A15DF1D001BCB49 /* MainMenu.xib in Resources */ = {isa = PBXBuildFile; fileRef = 335F0A041A15DF1D001BCB49 /* MainMenu.xib */; };
		335F0A081A15E0C9001BCB49 /* DMCustomActivationWindow.xib in Resources */ = {isa = PBXBuildFile; fileRef = 335F0A071A15E0C9001BCB49 /* DMCustomActivationWindow.xib */; };
		335F0A091A15E219001BCB49 /* background.png in Resources */ = {isa = PBXBuildFile; fileRef = 335F097E1A152B41001BCB49 /* background.png */; };
		335F0A0C1A15ECFB001BCB49 /* main.m in Sources */ = {isa = PBXBuildFile; fileRef = 335F09821A152B41001BCB49 /* main.m */; };
		335F0A131A15ECFB001BCB49 /* DevMateKit.framework in Frameworks */ = {isa = PBXBuildFile; fileRef = 335F08EA1A14C489001BCB49 /* DevMateKit.framework */; };
		335F0A161A15ECFB001BCB49 /* background.png in Resources */ = {isa = PBXBuildFile; fileRef = 335F097E1A152B41001BCB49 /* background.png */; };
		335F0A1A1A15ECFB001BCB49 /* DevMateKit.framework in Copy Frameworks */ = {isa = PBXBuildFile; fileRef = 335F08EA1A14C489001BCB49 /* DevMateKit.framework */; settings = {ATTRIBUTES = (CodeSignOnCopy, RemoveHeadersOnCopy, ); }; };
		335F0A251A15ED3F001BCB49 /* DMCustomActivationWindow.xib in Resources */ = {isa = PBXBuildFile; fileRef = 335F0A211A15ED3F001BCB49 /* DMCustomActivationWindow.xib */; };
		335F0A261A15ED3F001BCB49 /* DMCustomTrialDelegate.m in Sources */ = {isa = PBXBuildFile; fileRef = 335F0A231A15ED3F001BCB49 /* DMCustomTrialDelegate.m */; };
		335F0A271A15ED3F001BCB49 /* MainMenu.xib in Resources */ = {isa = PBXBuildFile; fileRef = 335F0A241A15ED3F001BCB49 /* MainMenu.xib */; };
		335F0A4C1A15FE57001BCB49 /* main.m in Sources */ = {isa = PBXBuildFile; fileRef = 335F09821A152B41001BCB49 /* main.m */; };
		335F0A531A15FE57001BCB49 /* DevMateKit.framework in Frameworks */ = {isa = PBXBuildFile; fileRef = 335F08EA1A14C489001BCB49 /* DevMateKit.framework */; };
		335F0A561A15FE57001BCB49 /* background.png in Resources */ = {isa = PBXBuildFile; fileRef = 335F097E1A152B41001BCB49 /* background.png */; };
		335F0A5A1A15FE57001BCB49 /* DevMateKit.framework in Copy Frameworks */ = {isa = PBXBuildFile; fileRef = 335F08EA1A14C489001BCB49 /* DevMateKit.framework */; settings = {ATTRIBUTES = (CodeSignOnCopy, RemoveHeadersOnCopy, ); }; };
		335F0A641A15FEA6001BCB49 /* DMActivationsDelegate.m in Sources */ = {isa = PBXBuildFile; fileRef = 335F0A621A15FEA6001BCB49 /* DMActivationsDelegate.m */; };
		335F0A651A15FEA6001BCB49 /* DMCustomActivationWindow.xib in Resources */ = {isa = PBXBuildFile; fileRef = 335F0A631A15FEA6001BCB49 /* DMCustomActivationWindow.xib */; };
		335F0A671A15FEC3001BCB49 /* MainMenu.xib in Resources */ = {isa = PBXBuildFile; fileRef = 335F0A661A15FEC3001BCB49 /* MainMenu.xib */; };
		33A3D2AC1C9170D9002C66E6 /* MainMenu.xib in Resources */ = {isa = PBXBuildFile; fileRef = 33A3D2AB1C9170D9002C66E6 /* MainMenu.xib */; };
		33AB46B71A16077400273934 /* DMLicenseInfoStepController.m in Sources */ = {isa = PBXBuildFile; fileRef = 33AB46B51A16077400273934 /* DMLicenseInfoStepController.m */; };
		33AB46B81A16077400273934 /* DMLicenseInfoStepView.xib in Resources */ = {isa = PBXBuildFile; fileRef = 33AB46B61A16077400273934 /* DMLicenseInfoStepView.xib */; };
		33AB46BC1A1632A500273934 /* main.m in Sources */ = {isa = PBXBuildFile; fileRef = 335F09821A152B41001BCB49 /* main.m */; };
		33AB46C41A1632A500273934 /* DevMateKit.framework in Frameworks */ = {isa = PBXBuildFile; fileRef = 335F08EA1A14C489001BCB49 /* DevMateKit.framework */; };
		33AB46CC1A1632A500273934 /* DevMateKit.framework in Copy Frameworks */ = {isa = PBXBuildFile; fileRef = 335F08EA1A14C489001BCB49 /* DevMateKit.framework */; settings = {ATTRIBUTES = (CodeSignOnCopy, RemoveHeadersOnCopy, ); }; };
		33AB46DA1A16333D00273934 /* DMActivationsDelegate.m in Sources */ = {isa = PBXBuildFile; fileRef = 33AB46D41A16333D00273934 /* DMActivationsDelegate.m */; };
		33AB46DE1A16333D00273934 /* MainMenu.xib in Resources */ = {isa = PBXBuildFile; fileRef = 33AB46D91A16333D00273934 /* MainMenu.xib */; };
		33AB47051A164D6400273934 /* main.m in Sources */ = {isa = PBXBuildFile; fileRef = 335F09821A152B41001BCB49 /* main.m */; };
		33AB470D1A164D6400273934 /* DevMateKit.framework in Frameworks */ = {isa = PBXBuildFile; fileRef = 335F08EA1A14C489001BCB49 /* DevMateKit.framework */; };
		33AB47151A164D6400273934 /* DevMateKit.framework in Copy Frameworks */ = {isa = PBXBuildFile; fileRef = 335F08EA1A14C489001BCB49 /* DevMateKit.framework */; settings = {ATTRIBUTES = (CodeSignOnCopy, RemoveHeadersOnCopy, ); }; };
		33AB47241A1651C200273934 /* DMActivationsDelegate.m in Sources */ = {isa = PBXBuildFile; fileRef = 33AB471D1A1651C200273934 /* DMActivationsDelegate.m */; };
		33AB47291A1651C200273934 /* MainMenu.xib in Resources */ = {isa = PBXBuildFile; fileRef = 33AB47231A1651C200273934 /* MainMenu.xib */; };
		33B640971B2EFA6F00F5F04D /* DMSwiftKevlar.m in Sources */ = {isa = PBXBuildFile; fileRef = 33B640961B2EFA6F00F5F04D /* DMSwiftKevlar.m */; };
		33BD91761B28466100FA1342 /* AppDelegate.swift in Sources */ = {isa = PBXBuildFile; fileRef = 33BD91751B28466100FA1342 /* AppDelegate.swift */; };
		33BD917B1B28466100FA1342 /* MainMenu.xib in Resources */ = {isa = PBXBuildFile; fileRef = 33BD91791B28466100FA1342 /* MainMenu.xib */; };
		33BD918F1B2848CF00FA1342 /* DevMateKit.framework in Frameworks */ = {isa = PBXBuildFile; fileRef = 335F08EA1A14C489001BCB49 /* DevMateKit.framework */; };
		33BD91911B2848E100FA1342 /* DevMateKit.framework in Copy Frameworks */ = {isa = PBXBuildFile; fileRef = 335F08EA1A14C489001BCB49 /* DevMateKit.framework */; settings = {ATTRIBUTES = (CodeSignOnCopy, RemoveHeadersOnCopy, ); }; };
		33EC2B741BDF82D40007F6E0 /* DMMainAppDelegate.m in Sources */ = {isa = PBXBuildFile; fileRef = 33EC2B731BDF82D40007F6E0 /* DMMainAppDelegate.m */; };
		33EC2B841BDF91970007F6E0 /* DevMateKit.framework in Frameworks */ = {isa = PBXBuildFile; fileRef = 335F08EA1A14C489001BCB49 /* DevMateKit.framework */; };
		33EC2B861BDF91AA0007F6E0 /* DevMateKit.framework in Copy Files: Frameworks */ = {isa = PBXBuildFile; fileRef = 335F08EA1A14C489001BCB49 /* DevMateKit.framework */; settings = {ATTRIBUTES = (CodeSignOnCopy, RemoveHeadersOnCopy, ); }; };
		33EC2B891BDF923B0007F6E0 /* main.m in Sources */ = {isa = PBXBuildFile; fileRef = 335F09821A152B41001BCB49 /* main.m */; };
		33EC2B8F1BDF93020007F6E0 /* MainMenu.xib in Resources */ = {isa = PBXBuildFile; fileRef = 33EC2B8E1BDF93020007F6E0 /* MainMenu.xib */; };
		33EC2B981BDF93840007F6E0 /* DMHelperAppDelegate.m in Sources */ = {isa = PBXBuildFile; fileRef = 33EC2B971BDF93840007F6E0 /* DMHelperAppDelegate.m */; };
		33EC2B9D1BDF93840007F6E0 /* Assets.xcassets in Resources */ = {isa = PBXBuildFile; fileRef = 33EC2B9C1BDF93840007F6E0 /* Assets.xcassets */; };
		33EC2BA71BDF94BC0007F6E0 /* main.m in Sources */ = {isa = PBXBuildFile; fileRef = 33EC2BA61BDF94BC0007F6E0 /* main.m */; };
		33EC2BB11BDFDD140007F6E0 /* DevMateKit.framework in Frameworks */ = {isa = PBXBuildFile; fileRef = 335F08EA1A14C489001BCB49 /* DevMateKit.framework */; };
		33EC2BB51BDFDEBB0007F6E0 /* HelperExample.app in Copy Files: Helper */ = {isa = PBXBuildFile; fileRef = 33EC2B941BDF93840007F6E0 /* HelperExample.app */; settings = {ATTRIBUTES = (RemoveHeadersOnCopy, ); }; };
		33EC2BB71BDFEC130007F6E0 /* DevMateKit.framework in Copy Files: Frameworks */ = {isa = PBXBuildFile; fileRef = 335F08EA1A14C489001BCB49 /* DevMateKit.framework */; settings = {ATTRIBUTES = (CodeSignOnCopy, RemoveHeadersOnCopy, ); }; };
		33F0046F1B94533B00D86DE6 /* DMCustomTimeTrialDelegate.m in Sources */ = {isa = PBXBuildFile; fileRef = 33F0046E1B94533B00D86DE6 /* DMCustomTimeTrialDelegate.m */; };
		33F004891B9453FF00D86DE6 /* DevMateKit.framework in Frameworks */ = {isa = PBXBuildFile; fileRef = 335F08EA1A14C489001BCB49 /* DevMateKit.framework */; };
		33F0048B1B94541200D86DE6 /* DevMateKit.framework in Copy Frameworks */ = {isa = PBXBuildFile; fileRef = 335F08EA1A14C489001BCB49 /* DevMateKit.framework */; settings = {ATTRIBUTES = (CodeSignOnCopy, RemoveHeadersOnCopy, ); }; };
		33F0048E1B94553000D86DE6 /* main.m in Sources */ = {isa = PBXBuildFile; fileRef = 335F09821A152B41001BCB49 /* main.m */; };
/* End PBXBuildFile section */

/* Begin PBXContainerItemProxy section */
		335F09B91A1530F9001BCB49 /* PBXContainerItemProxy */ = {
			isa = PBXContainerItemProxy;
			containerPortal = 335F08B71A14BFD6001BCB49 /* Project object */;
			proxyType = 1;
			remoteGlobalIDString = 335F092E1A14F3E5001BCB49;
			remoteInfo = CustomIssuesReporterUI;
		};
/* End PBXContainerItemProxy section */

/* Begin PBXCopyFilesBuildPhase section */
		335F09751A152B1F001BCB49 /* Copy Frameworks */ = {
			isa = PBXCopyFilesBuildPhase;
			buildActionMask = 2147483647;
			dstPath = "";
			dstSubfolderSpec = 10;
			files = (
				335F09771A152B1F001BCB49 /* DevMateKit.framework in Copy Frameworks */,
			);
			name = "Copy Frameworks";
			runOnlyForDeploymentPostprocessing = 0;
		};
		335F099A1A152EC9001BCB49 /* Copy Frameworks */ = {
			isa = PBXCopyFilesBuildPhase;
			buildActionMask = 2147483647;
			dstPath = "";
			dstSubfolderSpec = 10;
			files = (
				335F099B1A152EC9001BCB49 /* DevMateKit.framework in Copy Frameworks */,
			);
			name = "Copy Frameworks";
			runOnlyForDeploymentPostprocessing = 0;
		};
		335F09B21A1530C9001BCB49 /* Copy Frameworks */ = {
			isa = PBXCopyFilesBuildPhase;
			buildActionMask = 2147483647;
			dstPath = "";
			dstSubfolderSpec = 10;
			files = (
				335F09B31A1530C9001BCB49 /* DevMateKit.framework in Copy Frameworks */,
				335F09CA1A1532D8001BCB49 /* CustomIssuesReporterUI.framework in Copy Frameworks */,
			);
			name = "Copy Frameworks";
			runOnlyForDeploymentPostprocessing = 0;
		};
		335F09DA1A15360B001BCB49 /* Copy Frameworks */ = {
			isa = PBXCopyFilesBuildPhase;
			buildActionMask = 2147483647;
			dstPath = "";
			dstSubfolderSpec = 10;
			files = (
				335F09DB1A15360B001BCB49 /* DevMateKit.framework in Copy Frameworks */,
			);
			name = "Copy Frameworks";
			runOnlyForDeploymentPostprocessing = 0;
		};
		335F09ED1A15DD21001BCB49 /* Copy Frameworks */ = {
			isa = PBXCopyFilesBuildPhase;
			buildActionMask = 2147483647;
			dstPath = "";
			dstSubfolderSpec = 10;
			files = (
				335F09EE1A15DD21001BCB49 /* DevMateKit.framework in Copy Frameworks */,
			);
			name = "Copy Frameworks";
			runOnlyForDeploymentPostprocessing = 0;
		};
		335F0A191A15ECFB001BCB49 /* Copy Frameworks */ = {
			isa = PBXCopyFilesBuildPhase;
			buildActionMask = 2147483647;
			dstPath = "";
			dstSubfolderSpec = 10;
			files = (
				335F0A1A1A15ECFB001BCB49 /* DevMateKit.framework in Copy Frameworks */,
			);
			name = "Copy Frameworks";
			runOnlyForDeploymentPostprocessing = 0;
		};
		335F0A591A15FE57001BCB49 /* Copy Frameworks */ = {
			isa = PBXCopyFilesBuildPhase;
			buildActionMask = 2147483647;
			dstPath = "";
			dstSubfolderSpec = 10;
			files = (
				335F0A5A1A15FE57001BCB49 /* DevMateKit.framework in Copy Frameworks */,
			);
			name = "Copy Frameworks";
			runOnlyForDeploymentPostprocessing = 0;
		};
		33AB46CB1A1632A500273934 /* Copy Frameworks */ = {
			isa = PBXCopyFilesBuildPhase;
			buildActionMask = 2147483647;
			dstPath = "";
			dstSubfolderSpec = 10;
			files = (
				33AB46CC1A1632A500273934 /* DevMateKit.framework in Copy Frameworks */,
			);
			name = "Copy Frameworks";
			runOnlyForDeploymentPostprocessing = 0;
		};
		33AB47141A164D6400273934 /* Copy Frameworks */ = {
			isa = PBXCopyFilesBuildPhase;
			buildActionMask = 2147483647;
			dstPath = "";
			dstSubfolderSpec = 10;
			files = (
				33AB47151A164D6400273934 /* DevMateKit.framework in Copy Frameworks */,
			);
			name = "Copy Frameworks";
			runOnlyForDeploymentPostprocessing = 0;
		};
		33BD91901B2848D800FA1342 /* Copy Frameworks */ = {
			isa = PBXCopyFilesBuildPhase;
			buildActionMask = 2147483647;
			dstPath = "";
			dstSubfolderSpec = 10;
			files = (
				33BD91911B2848E100FA1342 /* DevMateKit.framework in Copy Frameworks */,
			);
			name = "Copy Frameworks";
			runOnlyForDeploymentPostprocessing = 0;
		};
		33EC2B851BDF919E0007F6E0 /* Copy Files: Frameworks */ = {
			isa = PBXCopyFilesBuildPhase;
			buildActionMask = 2147483647;
			dstPath = "";
			dstSubfolderSpec = 10;
			files = (
				33EC2B861BDF91AA0007F6E0 /* DevMateKit.framework in Copy Files: Frameworks */,
			);
			name = "Copy Files: Frameworks";
			runOnlyForDeploymentPostprocessing = 0;
		};
		33EC2BB41BDFDEA40007F6E0 /* Copy Files: Helper */ = {
			isa = PBXCopyFilesBuildPhase;
			buildActionMask = 2147483647;
			dstPath = Contents/MacOS;
			dstSubfolderSpec = 1;
			files = (
				33EC2BB51BDFDEBB0007F6E0 /* HelperExample.app in Copy Files: Helper */,
			);
			name = "Copy Files: Helper";
			runOnlyForDeploymentPostprocessing = 0;
		};
		33EC2BB61BDFEC070007F6E0 /* Copy Files: Frameworks */ = {
			isa = PBXCopyFilesBuildPhase;
			buildActionMask = 2147483647;
			dstPath = "";
			dstSubfolderSpec = 10;
			files = (
				33EC2BB71BDFEC130007F6E0 /* DevMateKit.framework in Copy Files: Frameworks */,
			);
			name = "Copy Files: Frameworks";
			runOnlyForDeploymentPostprocessing = 0;
		};
		33F0048A1B94540700D86DE6 /* Copy Frameworks */ = {
			isa = PBXCopyFilesBuildPhase;
			buildActionMask = 2147483647;
			dstPath = "";
			dstSubfolderSpec = 10;
			files = (
				33F0048B1B94541200D86DE6 /* DevMateKit.framework in Copy Frameworks */,
			);
			name = "Copy Frameworks";
			runOnlyForDeploymentPostprocessing = 0;
		};
/* End PBXCopyFilesBuildPhase section */

/* Begin PBXFileReference section */
		335F08EA1A14C489001BCB49 /* DevMateKit.framework */ = {isa = PBXFileReference; lastKnownFileType = wrapper.framework; path = DevMateKit.framework; sourceTree = "<group>"; };
		335F092F1A14F3E5001BCB49 /* CustomIssuesReporterUI.framework */ = {isa = PBXFileReference; explicitFileType = wrapper.framework; includeInIndex = 0; path = CustomIssuesReporterUI.framework; sourceTree = BUILT_PRODUCTS_DIR; };
		335F09321A14F3E5001BCB49 /* Info.plist */ = {isa = PBXFileReference; lastKnownFileType = text.plist.xml; path = Info.plist; sourceTree = "<group>"; };
		335F094E1A14F47A001BCB49 /* DMCustomIssuesWindowController.h */ = {isa = PBXFileReference; fileEncoding = 4; lastKnownFileType = sourcecode.c.h; lineEnding = 0; path = DMCustomIssuesWindowController.h; sourceTree = "<group>"; xcLanguageSpecificationIdentifier = xcode.lang.objcpp; };
		335F094F1A14F47A001BCB49 /* DMCustomIssuesWindowController.m */ = {isa = PBXFileReference; fileEncoding = 4; lastKnownFileType = sourcecode.c.objc; lineEnding = 0; path = DMCustomIssuesWindowController.m; sourceTree = "<group>"; xcLanguageSpecificationIdentifier = xcode.lang.objc; };
		335F09531A14F933001BCB49 /* DMCustomIssuesWindow.xib */ = {isa = PBXFileReference; fileEncoding = 4; lastKnownFileType = file.xib; path = DMCustomIssuesWindow.xib; sourceTree = "<group>"; };
		335F097C1A152B1F001BCB49 /* TrackingExample.app */ = {isa = PBXFileReference; explicitFileType = wrapper.application; includeInIndex = 0; path = TrackingExample.app; sourceTree = BUILT_PRODUCTS_DIR; };
		335F097E1A152B41001BCB49 /* background.png */ = {isa = PBXFileReference; lastKnownFileType = image.png; path = background.png; sourceTree = "<group>"; };
		335F097F1A152B41001BCB49 /* Examples.entitlements */ = {isa = PBXFileReference; lastKnownFileType = text.xml; path = Examples.entitlements; sourceTree = "<group>"; };
		335F09811A152B41001BCB49 /* Info.plist */ = {isa = PBXFileReference; lastKnownFileType = text.plist.xml; path = Info.plist; sourceTree = "<group>"; };
		335F09821A152B41001BCB49 /* main.m */ = {isa = PBXFileReference; lastKnownFileType = sourcecode.c.objc; lineEnding = 0; path = main.m; sourceTree = "<group>"; xcLanguageSpecificationIdentifier = xcode.lang.objc; };
		335F09851A152B4F001BCB49 /* DMTrackingDelegate.h */ = {isa = PBXFileReference; fileEncoding = 4; lastKnownFileType = sourcecode.c.h; lineEnding = 0; path = DMTrackingDelegate.h; sourceTree = "<group>"; xcLanguageSpecificationIdentifier = xcode.lang.objcpp; };
		335F09861A152B4F001BCB49 /* DMTrackingDelegate.m */ = {isa = PBXFileReference; fileEncoding = 4; lastKnownFileType = sourcecode.c.objc; lineEnding = 0; path = DMTrackingDelegate.m; sourceTree = "<group>"; xcLanguageSpecificationIdentifier = xcode.lang.objc; };
		335F098B1A152C77001BCB49 /* MainMenu.xib */ = {isa = PBXFileReference; fileEncoding = 4; lastKnownFileType = file.xib; path = MainMenu.xib; sourceTree = "<group>"; };
		335F098E1A152EB2001BCB49 /* DMCustomFeedbackWindow.xib */ = {isa = PBXFileReference; lastKnownFileType = file.xib; path = DMCustomFeedbackWindow.xib; sourceTree = "<group>"; };
		335F098F1A152EB2001BCB49 /* DMFeedbackDelegate.h */ = {isa = PBXFileReference; lastKnownFileType = sourcecode.c.h; lineEnding = 0; path = DMFeedbackDelegate.h; sourceTree = "<group>"; xcLanguageSpecificationIdentifier = xcode.lang.objcpp; };
		335F09901A152EB2001BCB49 /* DMFeedbackDelegate.m */ = {isa = PBXFileReference; lastKnownFileType = sourcecode.c.objc; lineEnding = 0; path = DMFeedbackDelegate.m; sourceTree = "<group>"; xcLanguageSpecificationIdentifier = xcode.lang.objc; };
		335F099F1A152EC9001BCB49 /* FeedbackExample.app */ = {isa = PBXFileReference; explicitFileType = wrapper.application; includeInIndex = 0; path = FeedbackExample.app; sourceTree = BUILT_PRODUCTS_DIR; };
		335F09A21A152FA9001BCB49 /* MainMenu.xib */ = {isa = PBXFileReference; fileEncoding = 4; lastKnownFileType = file.xib; path = MainMenu.xib; sourceTree = "<group>"; };
		335F09B71A1530C9001BCB49 /* IssuesExample.app */ = {isa = PBXFileReference; explicitFileType = wrapper.application; includeInIndex = 0; path = IssuesExample.app; sourceTree = BUILT_PRODUCTS_DIR; };
		335F09C11A153173001BCB49 /* DMIssuesDelegate.h */ = {isa = PBXFileReference; fileEncoding = 4; lastKnownFileType = sourcecode.c.h; lineEnding = 0; path = DMIssuesDelegate.h; sourceTree = "<group>"; xcLanguageSpecificationIdentifier = xcode.lang.objcpp; };
		335F09C21A153173001BCB49 /* DMIssuesDelegate.m */ = {isa = PBXFileReference; fileEncoding = 4; lastKnownFileType = sourcecode.c.objc; lineEnding = 0; path = DMIssuesDelegate.m; sourceTree = "<group>"; xcLanguageSpecificationIdentifier = xcode.lang.objc; };
		335F09C31A153173001BCB49 /* MainMenu.xib */ = {isa = PBXFileReference; fileEncoding = 4; lastKnownFileType = file.xib; path = MainMenu.xib; sourceTree = "<group>"; };
		335F09CF1A153550001BCB49 /* DMUpdatesDelegate.h */ = {isa = PBXFileReference; lastKnownFileType = sourcecode.c.h; lineEnding = 0; path = DMUpdatesDelegate.h; sourceTree = "<group>"; xcLanguageSpecificationIdentifier = xcode.lang.objcpp; };
		335F09D01A153550001BCB49 /* DMUpdatesDelegate.m */ = {isa = PBXFileReference; lastKnownFileType = sourcecode.c.objc; lineEnding = 0; path = DMUpdatesDelegate.m; sourceTree = "<group>"; xcLanguageSpecificationIdentifier = xcode.lang.objc; };
		335F09DF1A15360B001BCB49 /* UpdatesExample.app */ = {isa = PBXFileReference; explicitFileType = wrapper.application; includeInIndex = 0; path = UpdatesExample.app; sourceTree = BUILT_PRODUCTS_DIR; };
		335F09E21A153674001BCB49 /* MainMenu.xib */ = {isa = PBXFileReference; fileEncoding = 4; lastKnownFileType = file.xib; path = MainMenu.xib; sourceTree = "<group>"; };
		335F09F21A15DD21001BCB49 /* TimeTrialExample.app */ = {isa = PBXFileReference; explicitFileType = wrapper.application; includeInIndex = 0; path = TimeTrialExample.app; sourceTree = BUILT_PRODUCTS_DIR; };
		335F09F51A15DD73001BCB49 /* DMKevlarApplication.h */ = {isa = PBXFileReference; fileEncoding = 4; lastKnownFileType = sourcecode.c.h; path = DMKevlarApplication.h; sourceTree = "<group>"; };
		335F09F71A15DD73001BCB49 /* libkevlar.a */ = {isa = PBXFileReference; lastKnownFileType = archive.ar; path = libkevlar.a; sourceTree = "<group>"; };
		335F0A021A15DF1D001BCB49 /* DMTimeTrialDelegate.h */ = {isa = PBXFileReference; fileEncoding = 4; lastKnownFileType = sourcecode.c.h; lineEnding = 0; path = DMTimeTrialDelegate.h; sourceTree = "<group>"; xcLanguageSpecificationIdentifier = xcode.lang.objcpp; };
		335F0A031A15DF1D001BCB49 /* DMTimeTrialDelegate.m */ = {isa = PBXFileReference; fileEncoding = 4; lastKnownFileType = sourcecode.c.objc; lineEnding = 0; path = DMTimeTrialDelegate.m; sourceTree = "<group>"; xcLanguageSpecificationIdentifier = xcode.lang.objc; };
		335F0A041A15DF1D001BCB49 /* MainMenu.xib */ = {isa = PBXFileReference; fileEncoding = 4; lastKnownFileType = file.xib; path = MainMenu.xib; sourceTree = "<group>"; };
		335F0A071A15E0C9001BCB49 /* DMCustomActivationWindow.xib */ = {isa = PBXFileReference; fileEncoding = 4; lastKnownFileType = file.xib; path = DMCustomActivationWindow.xib; sourceTree = "<group>"; };
		335F0A1E1A15ECFB001BCB49 /* CustomTrialExample.app */ = {isa = PBXFileReference; explicitFileType = wrapper.application; includeInIndex = 0; path = CustomTrialExample.app; sourceTree = BUILT_PRODUCTS_DIR; };
		335F0A211A15ED3F001BCB49 /* DMCustomActivationWindow.xib */ = {isa = PBXFileReference; fileEncoding = 4; lastKnownFileType = file.xib; path = DMCustomActivationWindow.xib; sourceTree = "<group>"; };
		335F0A221A15ED3F001BCB49 /* DMCustomTrialDelegate.h */ = {isa = PBXFileReference; fileEncoding = 4; lastKnownFileType = sourcecode.c.h; lineEnding = 0; path = DMCustomTrialDelegate.h; sourceTree = "<group>"; xcLanguageSpecificationIdentifier = xcode.lang.objcpp; };
		335F0A231A15ED3F001BCB49 /* DMCustomTrialDelegate.m */ = {isa = PBXFileReference; fileEncoding = 4; lastKnownFileType = sourcecode.c.objc; lineEnding = 0; path = DMCustomTrialDelegate.m; sourceTree = "<group>"; xcLanguageSpecificationIdentifier = xcode.lang.objc; };
		335F0A241A15ED3F001BCB49 /* MainMenu.xib */ = {isa = PBXFileReference; fileEncoding = 4; lastKnownFileType = file.xib; path = MainMenu.xib; sourceTree = "<group>"; };
		335F0A5E1A15FE57001BCB49 /* ActivationsExample.app */ = {isa = PBXFileReference; explicitFileType = wrapper.application; includeInIndex = 0; path = ActivationsExample.app; sourceTree = BUILT_PRODUCTS_DIR; };
		335F0A611A15FEA6001BCB49 /* DMActivationsDelegate.h */ = {isa = PBXFileReference; fileEncoding = 4; lastKnownFileType = sourcecode.c.h; lineEnding = 0; path = DMActivationsDelegate.h; sourceTree = "<group>"; xcLanguageSpecificationIdentifier = xcode.lang.objcpp; };
		335F0A621A15FEA6001BCB49 /* DMActivationsDelegate.m */ = {isa = PBXFileReference; fileEncoding = 4; lastKnownFileType = sourcecode.c.objc; lineEnding = 0; path = DMActivationsDelegate.m; sourceTree = "<group>"; xcLanguageSpecificationIdentifier = xcode.lang.objc; };
		335F0A631A15FEA6001BCB49 /* DMCustomActivationWindow.xib */ = {isa = PBXFileReference; fileEncoding = 4; lastKnownFileType = file.xib; path = DMCustomActivationWindow.xib; sourceTree = "<group>"; };
		335F0A661A15FEC3001BCB49 /* MainMenu.xib */ = {isa = PBXFileReference; fileEncoding = 4; lastKnownFileType = file.xib; path = MainMenu.xib; sourceTree = "<group>"; };
		33A3D2AB1C9170D9002C66E6 /* MainMenu.xib */ = {isa = PBXFileReference; fileEncoding = 4; lastKnownFileType = file.xib; path = MainMenu.xib; sourceTree = "<group>"; };
		33AB46B41A16077400273934 /* DMLicenseInfoStepController.h */ = {isa = PBXFileReference; fileEncoding = 4; lastKnownFileType = sourcecode.c.h; lineEnding = 0; path = DMLicenseInfoStepController.h; sourceTree = "<group>"; xcLanguageSpecificationIdentifier = xcode.lang.objcpp; };
		33AB46B51A16077400273934 /* DMLicenseInfoStepController.m */ = {isa = PBXFileReference; fileEncoding = 4; lastKnownFileType = sourcecode.c.objc; lineEnding = 0; path = DMLicenseInfoStepController.m; sourceTree = "<group>"; xcLanguageSpecificationIdentifier = xcode.lang.objc; };
		33AB46B61A16077400273934 /* DMLicenseInfoStepView.xib */ = {isa = PBXFileReference; fileEncoding = 4; lastKnownFileType = file.xib; path = DMLicenseInfoStepView.xib; sourceTree = "<group>"; };
		33AB46D01A1632A500273934 /* EmbeddedStoreExample.app */ = {isa = PBXFileReference; explicitFileType = wrapper.application; includeInIndex = 0; path = EmbeddedStoreExample.app; sourceTree = BUILT_PRODUCTS_DIR; };
		33AB46D31A16333D00273934 /* DMActivationsDelegate.h */ = {isa = PBXFileReference; fileEncoding = 4; lastKnownFileType = sourcecode.c.h; lineEnding = 0; path = DMActivationsDelegate.h; sourceTree = "<group>"; xcLanguageSpecificationIdentifier = xcode.lang.objcpp; };
		33AB46D41A16333D00273934 /* DMActivationsDelegate.m */ = {isa = PBXFileReference; fileEncoding = 4; lastKnownFileType = sourcecode.c.objc; lineEnding = 0; path = DMActivationsDelegate.m; sourceTree = "<group>"; xcLanguageSpecificationIdentifier = xcode.lang.objc; };
		33AB46D91A16333D00273934 /* MainMenu.xib */ = {isa = PBXFileReference; fileEncoding = 4; lastKnownFileType = file.xib; path = MainMenu.xib; sourceTree = "<group>"; };
		33AB47191A164D6400273934 /* URLSchemeExample.app */ = {isa = PBXFileReference; explicitFileType = wrapper.application; includeInIndex = 0; path = URLSchemeExample.app; sourceTree = BUILT_PRODUCTS_DIR; };
		33AB471C1A1651C200273934 /* DMActivationsDelegate.h */ = {isa = PBXFileReference; fileEncoding = 4; lastKnownFileType = sourcecode.c.h; lineEnding = 0; path = DMActivationsDelegate.h; sourceTree = "<group>"; xcLanguageSpecificationIdentifier = xcode.lang.objcpp; };
		33AB471D1A1651C200273934 /* DMActivationsDelegate.m */ = {isa = PBXFileReference; fileEncoding = 4; lastKnownFileType = sourcecode.c.objc; lineEnding = 0; path = DMActivationsDelegate.m; sourceTree = "<group>"; xcLanguageSpecificationIdentifier = xcode.lang.objc; };
		33AB47221A1651C200273934 /* Info.plist */ = {isa = PBXFileReference; fileEncoding = 4; lastKnownFileType = text.plist.xml; path = Info.plist; sourceTree = "<group>"; };
		33AB47231A1651C200273934 /* MainMenu.xib */ = {isa = PBXFileReference; fileEncoding = 4; lastKnownFileType = file.xib; path = MainMenu.xib; sourceTree = "<group>"; };
		33B640951B2EFA6F00F5F04D /* DMSwiftKevlar.h */ = {isa = PBXFileReference; fileEncoding = 4; lastKnownFileType = sourcecode.c.h; path = DMSwiftKevlar.h; sourceTree = "<group>"; };
		33B640961B2EFA6F00F5F04D /* DMSwiftKevlar.m */ = {isa = PBXFileReference; fileEncoding = 4; lastKnownFileType = sourcecode.c.objc; path = DMSwiftKevlar.m; sourceTree = "<group>"; };
		33BD91711B28466100FA1342 /* SwiftExample.app */ = {isa = PBXFileReference; explicitFileType = wrapper.application; includeInIndex = 0; path = SwiftExample.app; sourceTree = BUILT_PRODUCTS_DIR; };
		33BD91751B28466100FA1342 /* AppDelegate.swift */ = {isa = PBXFileReference; lastKnownFileType = sourcecode.swift; path = AppDelegate.swift; sourceTree = "<group>"; };
		33BD917A1B28466100FA1342 /* Base */ = {isa = PBXFileReference; lastKnownFileType = file.xib; name = Base; path = Base.lproj/MainMenu.xib; sourceTree = "<group>"; };
		33BD918E1B28487600FA1342 /* DevMateKit-Bridging-Header.h */ = {isa = PBXFileReference; lastKnownFileType = sourcecode.c.h; path = "DevMateKit-Bridging-Header.h"; sourceTree = "<group>"; };
		33BD91941B284A3B00FA1342 /* Swift.xcconfig */ = {isa = PBXFileReference; lastKnownFileType = text.xcconfig; path = Swift.xcconfig; sourceTree = "<group>"; };
		33D9FE1A1ADD803D002A433B /* Examples.xcconfig */ = {isa = PBXFileReference; lastKnownFileType = text.xcconfig; path = Examples.xcconfig; sourceTree = "<group>"; };
		33D9FE261ADEDE15002A433B /* TrialAndActivation.xcconfig */ = {isa = PBXFileReference; lastKnownFileType = text.xcconfig; path = TrialAndActivation.xcconfig; sourceTree = "<group>"; };
		33EC2B701BDF82D40007F6E0 /* MainUpdaterExample.app */ = {isa = PBXFileReference; explicitFileType = wrapper.application; includeInIndex = 0; path = MainUpdaterExample.app; sourceTree = BUILT_PRODUCTS_DIR; };
		33EC2B721BDF82D40007F6E0 /* DMMainAppDelegate.h */ = {isa = PBXFileReference; lastKnownFileType = sourcecode.c.h; path = DMMainAppDelegate.h; sourceTree = "<group>"; };
		33EC2B731BDF82D40007F6E0 /* DMMainAppDelegate.m */ = {isa = PBXFileReference; lastKnownFileType = sourcecode.c.objc; path = DMMainAppDelegate.m; sourceTree = "<group>"; };
		33EC2B8E1BDF93020007F6E0 /* MainMenu.xib */ = {isa = PBXFileReference; fileEncoding = 4; lastKnownFileType = file.xib; path = MainMenu.xib; sourceTree = "<group>"; };
		33EC2B941BDF93840007F6E0 /* HelperExample.app */ = {isa = PBXFileReference; explicitFileType = wrapper.application; includeInIndex = 0; path = HelperExample.app; sourceTree = BUILT_PRODUCTS_DIR; };
		33EC2B961BDF93840007F6E0 /* DMHelperAppDelegate.h */ = {isa = PBXFileReference; lastKnownFileType = sourcecode.c.h; path = DMHelperAppDelegate.h; sourceTree = "<group>"; };
		33EC2B971BDF93840007F6E0 /* DMHelperAppDelegate.m */ = {isa = PBXFileReference; lastKnownFileType = sourcecode.c.objc; path = DMHelperAppDelegate.m; sourceTree = "<group>"; };
		33EC2B9C1BDF93840007F6E0 /* Assets.xcassets */ = {isa = PBXFileReference; lastKnownFileType = folder.assetcatalog; path = Assets.xcassets; sourceTree = "<group>"; };
		33EC2BA11BDF93840007F6E0 /* Info.plist */ = {isa = PBXFileReference; lastKnownFileType = text.plist.xml; path = Info.plist; sourceTree = "<group>"; };
		33EC2BA61BDF94BC0007F6E0 /* main.m */ = {isa = PBXFileReference; fileEncoding = 4; lastKnownFileType = sourcecode.c.objc; path = main.m; sourceTree = "<group>"; };
		33F004691B94533B00D86DE6 /* CustomTimeTrialExample.app */ = {isa = PBXFileReference; explicitFileType = wrapper.application; includeInIndex = 0; path = CustomTimeTrialExample.app; sourceTree = BUILT_PRODUCTS_DIR; };
		33F0046D1B94533B00D86DE6 /* DMCustomTimeTrialDelegate.h */ = {isa = PBXFileReference; lastKnownFileType = sourcecode.c.h; path = DMCustomTimeTrialDelegate.h; sourceTree = "<group>"; };
		33F0046E1B94533B00D86DE6 /* DMCustomTimeTrialDelegate.m */ = {isa = PBXFileReference; lastKnownFileType = sourcecode.c.objc; path = DMCustomTimeTrialDelegate.m; sourceTree = "<group>"; };
/* End PBXFileReference section */

/* Begin PBXFrameworksBuildPhase section */
		335F092B1A14F3E5001BCB49 /* Frameworks */ = {
			isa = PBXFrameworksBuildPhase;
			buildActionMask = 2147483647;
			files = (
				335F09521A14F849001BCB49 /* DevMateKit.framework in Frameworks */,
			);
			runOnlyForDeploymentPostprocessing = 0;
		};
		335F096B1A152B1F001BCB49 /* Frameworks */ = {
			isa = PBXFrameworksBuildPhase;
			buildActionMask = 2147483647;
			files = (
				335F096D1A152B1F001BCB49 /* DevMateKit.framework in Frameworks */,
			);
			runOnlyForDeploymentPostprocessing = 0;
		};
		335F09951A152EC9001BCB49 /* Frameworks */ = {
			isa = PBXFrameworksBuildPhase;
			buildActionMask = 2147483647;
			files = (
				335F09961A152EC9001BCB49 /* DevMateKit.framework in Frameworks */,
			);
			runOnlyForDeploymentPostprocessing = 0;
		};
		335F09AA1A1530C9001BCB49 /* Frameworks */ = {
			isa = PBXFrameworksBuildPhase;
			buildActionMask = 2147483647;
			files = (
				335F09AB1A1530C9001BCB49 /* DevMateKit.framework in Frameworks */,
				335F09C91A1532D0001BCB49 /* CustomIssuesReporterUI.framework in Frameworks */,
			);
			runOnlyForDeploymentPostprocessing = 0;
		};
		335F09D51A15360B001BCB49 /* Frameworks */ = {
			isa = PBXFrameworksBuildPhase;
			buildActionMask = 2147483647;
			files = (
				335F09D61A15360B001BCB49 /* DevMateKit.framework in Frameworks */,
			);
			runOnlyForDeploymentPostprocessing = 0;
		};
		335F09E81A15DD21001BCB49 /* Frameworks */ = {
			isa = PBXFrameworksBuildPhase;
			buildActionMask = 2147483647;
			files = (
				335F09E91A15DD21001BCB49 /* DevMateKit.framework in Frameworks */,
			);
			runOnlyForDeploymentPostprocessing = 0;
		};
		335F0A0E1A15ECFB001BCB49 /* Frameworks */ = {
			isa = PBXFrameworksBuildPhase;
			buildActionMask = 2147483647;
			files = (
				335F0A131A15ECFB001BCB49 /* DevMateKit.framework in Frameworks */,
			);
			runOnlyForDeploymentPostprocessing = 0;
		};
		335F0A4E1A15FE57001BCB49 /* Frameworks */ = {
			isa = PBXFrameworksBuildPhase;
			buildActionMask = 2147483647;
			files = (
				335F0A531A15FE57001BCB49 /* DevMateKit.framework in Frameworks */,
			);
			runOnlyForDeploymentPostprocessing = 0;
		};
		33AB46BF1A1632A500273934 /* Frameworks */ = {
			isa = PBXFrameworksBuildPhase;
			buildActionMask = 2147483647;
			files = (
				33AB46C41A1632A500273934 /* DevMateKit.framework in Frameworks */,
			);
			runOnlyForDeploymentPostprocessing = 0;
		};
		33AB47081A164D6400273934 /* Frameworks */ = {
			isa = PBXFrameworksBuildPhase;
			buildActionMask = 2147483647;
			files = (
				33AB470D1A164D6400273934 /* DevMateKit.framework in Frameworks */,
			);
			runOnlyForDeploymentPostprocessing = 0;
		};
		33BD916E1B28466100FA1342 /* Frameworks */ = {
			isa = PBXFrameworksBuildPhase;
			buildActionMask = 2147483647;
			files = (
				33BD918F1B2848CF00FA1342 /* DevMateKit.framework in Frameworks */,
			);
			runOnlyForDeploymentPostprocessing = 0;
		};
		33EC2B6D1BDF82D40007F6E0 /* Frameworks */ = {
			isa = PBXFrameworksBuildPhase;
			buildActionMask = 2147483647;
			files = (
				33EC2B841BDF91970007F6E0 /* DevMateKit.framework in Frameworks */,
			);
			runOnlyForDeploymentPostprocessing = 0;
		};
		33EC2B911BDF93840007F6E0 /* Frameworks */ = {
			isa = PBXFrameworksBuildPhase;
			buildActionMask = 2147483647;
			files = (
				33EC2BB11BDFDD140007F6E0 /* DevMateKit.framework in Frameworks */,
			);
			runOnlyForDeploymentPostprocessing = 0;
		};
		33F004661B94533B00D86DE6 /* Frameworks */ = {
			isa = PBXFrameworksBuildPhase;
			buildActionMask = 2147483647;
			files = (
				33F004891B9453FF00D86DE6 /* DevMateKit.framework in Frameworks */,
			);
			runOnlyForDeploymentPostprocessing = 0;
		};
/* End PBXFrameworksBuildPhase section */

/* Begin PBXGroup section */
		335F08B61A14BFD6001BCB49 = {
			isa = PBXGroup;
			children = (
				335F097D1A152B41001BCB49 /* Common */,
				335F09841A152B4F001BCB49 /* TrackingExample */,
				335F098D1A152EB2001BCB49 /* FeedbackExample */,
				335F09BB1A153173001BCB49 /* IssuesExample */,
				335F09CE1A153550001BCB49 /* UpdatesExample */,
				335F0A011A15DF1D001BCB49 /* TimeTrialExample */,
				335F0A201A15ED3F001BCB49 /* CustomTrialExample */,
				33F0046A1B94533B00D86DE6 /* CustomTimeTrialExample */,
				335F0A601A15FEA6001BCB49 /* ActivationsExample */,
				33AB46D21A16333D00273934 /* EmbeddedStoreExample */,
				33AB471B1A1651C200273934 /* URLSchemeExample */,
				33BD91721B28466100FA1342 /* SwiftExample */,
				33EC2B711BDF82D40007F6E0 /* MainUpdaterExample */,
				33D9FE191ADD7F14002A433B /* ----------------------------- */,
				33AB46B91A162FFD00273934 /* Frameworks */,
				335F08C01A14BFD6001BCB49 /* Products */,
			);
			sourceTree = "<group>";
		};
		335F08C01A14BFD6001BCB49 /* Products */ = {
			isa = PBXGroup;
			children = (
				335F092F1A14F3E5001BCB49 /* CustomIssuesReporterUI.framework */,
				335F097C1A152B1F001BCB49 /* TrackingExample.app */,
				335F099F1A152EC9001BCB49 /* FeedbackExample.app */,
				335F09B71A1530C9001BCB49 /* IssuesExample.app */,
				335F09DF1A15360B001BCB49 /* UpdatesExample.app */,
				335F09F21A15DD21001BCB49 /* TimeTrialExample.app */,
				335F0A1E1A15ECFB001BCB49 /* CustomTrialExample.app */,
				335F0A5E1A15FE57001BCB49 /* ActivationsExample.app */,
				33AB46D01A1632A500273934 /* EmbeddedStoreExample.app */,
				33AB47191A164D6400273934 /* URLSchemeExample.app */,
				33BD91711B28466100FA1342 /* SwiftExample.app */,
				33F004691B94533B00D86DE6 /* CustomTimeTrialExample.app */,
				33EC2B701BDF82D40007F6E0 /* MainUpdaterExample.app */,
				33EC2B941BDF93840007F6E0 /* HelperExample.app */,
			);
			name = Products;
			sourceTree = "<group>";
		};
		335F08E71A14C489001BCB49 /* DevMateKit */ = {
			isa = PBXGroup;
			children = (
				335F08EA1A14C489001BCB49 /* DevMateKit.framework */,
			);
			name = DevMateKit;
			path = ../DevMateKit;
			sourceTree = "<group>";
		};
		335F09301A14F3E5001BCB49 /* CustomIssuesReporterUI */ = {
			isa = PBXGroup;
			children = (
				335F094E1A14F47A001BCB49 /* DMCustomIssuesWindowController.h */,
				335F094F1A14F47A001BCB49 /* DMCustomIssuesWindowController.m */,
				335F09531A14F933001BCB49 /* DMCustomIssuesWindow.xib */,
				335F09321A14F3E5001BCB49 /* Info.plist */,
			);
			path = CustomIssuesReporterUI;
			sourceTree = "<group>";
		};
		335F097D1A152B41001BCB49 /* Common */ = {
			isa = PBXGroup;
			children = (
				33D9FE1A1ADD803D002A433B /* Examples.xcconfig */,
				33D9FE261ADEDE15002A433B /* TrialAndActivation.xcconfig */,
				335F097E1A152B41001BCB49 /* background.png */,
				335F097F1A152B41001BCB49 /* Examples.entitlements */,
				335F09811A152B41001BCB49 /* Info.plist */,
				335F09821A152B41001BCB49 /* main.m */,
			);
			path = Common;
			sourceTree = "<group>";
		};
		335F09841A152B4F001BCB49 /* TrackingExample */ = {
			isa = PBXGroup;
			children = (
				335F09851A152B4F001BCB49 /* DMTrackingDelegate.h */,
				335F09861A152B4F001BCB49 /* DMTrackingDelegate.m */,
				335F098B1A152C77001BCB49 /* MainMenu.xib */,
			);
			path = TrackingExample;
			sourceTree = "<group>";
		};
		335F098D1A152EB2001BCB49 /* FeedbackExample */ = {
			isa = PBXGroup;
			children = (
				335F098F1A152EB2001BCB49 /* DMFeedbackDelegate.h */,
				335F09901A152EB2001BCB49 /* DMFeedbackDelegate.m */,
				335F09A21A152FA9001BCB49 /* MainMenu.xib */,
				335F098E1A152EB2001BCB49 /* DMCustomFeedbackWindow.xib */,
			);
			path = FeedbackExample;
			sourceTree = "<group>";
		};
		335F09BB1A153173001BCB49 /* IssuesExample */ = {
			isa = PBXGroup;
			children = (
				335F09301A14F3E5001BCB49 /* CustomIssuesReporterUI */,
				335F09C11A153173001BCB49 /* DMIssuesDelegate.h */,
				335F09C21A153173001BCB49 /* DMIssuesDelegate.m */,
				335F09C31A153173001BCB49 /* MainMenu.xib */,
			);
			path = IssuesExample;
			sourceTree = "<group>";
		};
		335F09CE1A153550001BCB49 /* UpdatesExample */ = {
			isa = PBXGroup;
			children = (
				335F09CF1A153550001BCB49 /* DMUpdatesDelegate.h */,
				335F09D01A153550001BCB49 /* DMUpdatesDelegate.m */,
				335F09E21A153674001BCB49 /* MainMenu.xib */,
			);
			path = UpdatesExample;
			sourceTree = "<group>";
		};
		335F09F41A15DD73001BCB49 /* Kevlar */ = {
			isa = PBXGroup;
			children = (
				335F09F51A15DD73001BCB49 /* DMKevlarApplication.h */,
				335F09F71A15DD73001BCB49 /* libkevlar.a */,
			);
			name = Kevlar;
			path = Common/Kevlar;
			sourceTree = "<group>";
		};
		335F0A011A15DF1D001BCB49 /* TimeTrialExample */ = {
			isa = PBXGroup;
			children = (
				335F0A021A15DF1D001BCB49 /* DMTimeTrialDelegate.h */,
				335F0A031A15DF1D001BCB49 /* DMTimeTrialDelegate.m */,
				335F0A041A15DF1D001BCB49 /* MainMenu.xib */,
				335F0A071A15E0C9001BCB49 /* DMCustomActivationWindow.xib */,
			);
			path = TimeTrialExample;
			sourceTree = "<group>";
		};
		335F0A201A15ED3F001BCB49 /* CustomTrialExample */ = {
			isa = PBXGroup;
			children = (
				335F0A221A15ED3F001BCB49 /* DMCustomTrialDelegate.h */,
				335F0A231A15ED3F001BCB49 /* DMCustomTrialDelegate.m */,
				335F0A211A15ED3F001BCB49 /* DMCustomActivationWindow.xib */,
				335F0A241A15ED3F001BCB49 /* MainMenu.xib */,
			);
			path = CustomTrialExample;
			sourceTree = "<group>";
		};
		335F0A601A15FEA6001BCB49 /* ActivationsExample */ = {
			isa = PBXGroup;
			children = (
				335F0A611A15FEA6001BCB49 /* DMActivationsDelegate.h */,
				335F0A621A15FEA6001BCB49 /* DMActivationsDelegate.m */,
				33AB46B41A16077400273934 /* DMLicenseInfoStepController.h */,
				33AB46B51A16077400273934 /* DMLicenseInfoStepController.m */,
				335F0A661A15FEC3001BCB49 /* MainMenu.xib */,
				335F0A631A15FEA6001BCB49 /* DMCustomActivationWindow.xib */,
				33AB46B61A16077400273934 /* DMLicenseInfoStepView.xib */,
			);
			path = ActivationsExample;
			sourceTree = "<group>";
		};
		33AB46B91A162FFD00273934 /* Frameworks */ = {
			isa = PBXGroup;
			children = (
				335F08E71A14C489001BCB49 /* DevMateKit */,
				335F09F41A15DD73001BCB49 /* Kevlar */,
			);
			name = Frameworks;
			sourceTree = "<group>";
		};
		33AB46D21A16333D00273934 /* EmbeddedStoreExample */ = {
			isa = PBXGroup;
			children = (
				33AB46D31A16333D00273934 /* DMActivationsDelegate.h */,
				33AB46D41A16333D00273934 /* DMActivationsDelegate.m */,
				33AB46D91A16333D00273934 /* MainMenu.xib */,
			);
			path = EmbeddedStoreExample;
			sourceTree = "<group>";
		};
		33AB471B1A1651C200273934 /* URLSchemeExample */ = {
			isa = PBXGroup;
			children = (
				33AB471C1A1651C200273934 /* DMActivationsDelegate.h */,
				33AB471D1A1651C200273934 /* DMActivationsDelegate.m */,
				33AB47231A1651C200273934 /* MainMenu.xib */,
				33AB47221A1651C200273934 /* Info.plist */,
			);
			path = URLSchemeExample;
			sourceTree = "<group>";
		};
		33BD91721B28466100FA1342 /* SwiftExample */ = {
			isa = PBXGroup;
			children = (
				33BD91941B284A3B00FA1342 /* Swift.xcconfig */,
				33BD918E1B28487600FA1342 /* DevMateKit-Bridging-Header.h */,
				33BD91751B28466100FA1342 /* AppDelegate.swift */,
				33BD91791B28466100FA1342 /* MainMenu.xib */,
				33B640951B2EFA6F00F5F04D /* DMSwiftKevlar.h */,
				33B640961B2EFA6F00F5F04D /* DMSwiftKevlar.m */,
			);
			path = SwiftExample;
			sourceTree = "<group>";
		};
		33D9FE191ADD7F14002A433B /* ----------------------------- */ = {
			isa = PBXGroup;
			children = (
			);
			name = "-----------------------------";
			sourceTree = "<group>";
		};
		33EC2B711BDF82D40007F6E0 /* MainUpdaterExample */ = {
			isa = PBXGroup;
			children = (
				33EC2B951BDF93840007F6E0 /* HelperExample */,
				33EC2B721BDF82D40007F6E0 /* DMMainAppDelegate.h */,
				33EC2B731BDF82D40007F6E0 /* DMMainAppDelegate.m */,
				33EC2B8E1BDF93020007F6E0 /* MainMenu.xib */,
			);
			path = MainUpdaterExample;
			sourceTree = "<group>";
		};
		33EC2B951BDF93840007F6E0 /* HelperExample */ = {
			isa = PBXGroup;
			children = (
				33EC2BA61BDF94BC0007F6E0 /* main.m */,
				33EC2B961BDF93840007F6E0 /* DMHelperAppDelegate.h */,
				33EC2B971BDF93840007F6E0 /* DMHelperAppDelegate.m */,
				33EC2B9C1BDF93840007F6E0 /* Assets.xcassets */,
				33EC2BA11BDF93840007F6E0 /* Info.plist */,
			);
			path = HelperExample;
			sourceTree = "<group>";
		};
		33F0046A1B94533B00D86DE6 /* CustomTimeTrialExample */ = {
			isa = PBXGroup;
			children = (
				33F0046D1B94533B00D86DE6 /* DMCustomTimeTrialDelegate.h */,
				33F0046E1B94533B00D86DE6 /* DMCustomTimeTrialDelegate.m */,
				33A3D2AB1C9170D9002C66E6 /* MainMenu.xib */,
			);
			path = CustomTimeTrialExample;
			sourceTree = "<group>";
		};
/* End PBXGroup section */

/* Begin PBXHeadersBuildPhase section */
		335F092C1A14F3E5001BCB49 /* Headers */ = {
			isa = PBXHeadersBuildPhase;
			buildActionMask = 2147483647;
			files = (
				335F09501A14F47A001BCB49 /* DMCustomIssuesWindowController.h in Headers */,
			);
			runOnlyForDeploymentPostprocessing = 0;
		};
/* End PBXHeadersBuildPhase section */

/* Begin PBXNativeTarget section */
		335F092E1A14F3E5001BCB49 /* CustomIssuesReporterUI */ = {
			isa = PBXNativeTarget;
			buildConfigurationList = 335F09481A14F3E5001BCB49 /* Build configuration list for PBXNativeTarget "CustomIssuesReporterUI" */;
			buildPhases = (
				335F092A1A14F3E5001BCB49 /* Sources */,
				335F092B1A14F3E5001BCB49 /* Frameworks */,
				335F092C1A14F3E5001BCB49 /* Headers */,
				335F092D1A14F3E5001BCB49 /* Resources */,
			);
			buildRules = (
			);
			dependencies = (
			);
			name = CustomIssuesReporterUI;
			productName = CustomIssueReporterUI;
			productReference = 335F092F1A14F3E5001BCB49 /* CustomIssuesReporterUI.framework */;
			productType = "com.apple.product-type.framework";
		};
		335F09651A152B1F001BCB49 /* TrackingExample */ = {
			isa = PBXNativeTarget;
			buildConfigurationList = 335F09791A152B1F001BCB49 /* Build configuration list for PBXNativeTarget "TrackingExample" */;
			buildPhases = (
				335F09681A152B1F001BCB49 /* Sources */,
				335F096B1A152B1F001BCB49 /* Frameworks */,
				335F096F1A152B1F001BCB49 /* Resources */,
				335F09751A152B1F001BCB49 /* Copy Frameworks */,
			);
			buildRules = (
			);
			dependencies = (
			);
			name = TrackingExample;
			productName = Bathyscaphe;
			productReference = 335F097C1A152B1F001BCB49 /* TrackingExample.app */;
			productType = "com.apple.product-type.application";
		};
		335F09911A152EC9001BCB49 /* FeedbackExample */ = {
			isa = PBXNativeTarget;
			buildConfigurationList = 335F099C1A152EC9001BCB49 /* Build configuration list for PBXNativeTarget "FeedbackExample" */;
			buildPhases = (
				335F09921A152EC9001BCB49 /* Sources */,
				335F09951A152EC9001BCB49 /* Frameworks */,
				335F09971A152EC9001BCB49 /* Resources */,
				335F099A1A152EC9001BCB49 /* Copy Frameworks */,
			);
			buildRules = (
			);
			dependencies = (
			);
			name = FeedbackExample;
			productName = Bathyscaphe;
			productReference = 335F099F1A152EC9001BCB49 /* FeedbackExample.app */;
			productType = "com.apple.product-type.application";
		};
		335F09A61A1530C9001BCB49 /* IssuesExample */ = {
			isa = PBXNativeTarget;
			buildConfigurationList = 335F09B41A1530C9001BCB49 /* Build configuration list for PBXNativeTarget "IssuesExample" */;
			buildPhases = (
				335F09A71A1530C9001BCB49 /* Sources */,
				335F09AA1A1530C9001BCB49 /* Frameworks */,
				335F09AC1A1530C9001BCB49 /* Resources */,
				335F09B21A1530C9001BCB49 /* Copy Frameworks */,
			);
			buildRules = (
			);
			dependencies = (
				335F09BA1A1530F9001BCB49 /* PBXTargetDependency */,
			);
			name = IssuesExample;
			productName = Bathyscaphe;
			productReference = 335F09B71A1530C9001BCB49 /* IssuesExample.app */;
			productType = "com.apple.product-type.application";
		};
		335F09D11A15360B001BCB49 /* UpdatesExample */ = {
			isa = PBXNativeTarget;
			buildConfigurationList = 335F09DC1A15360B001BCB49 /* Build configuration list for PBXNativeTarget "UpdatesExample" */;
			buildPhases = (
				335F09D21A15360B001BCB49 /* Sources */,
				335F09D51A15360B001BCB49 /* Frameworks */,
				335F09D71A15360B001BCB49 /* Resources */,
				335F09DA1A15360B001BCB49 /* Copy Frameworks */,
			);
			buildRules = (
			);
			dependencies = (
			);
			name = UpdatesExample;
			productName = Bathyscaphe;
			productReference = 335F09DF1A15360B001BCB49 /* UpdatesExample.app */;
			productType = "com.apple.product-type.application";
		};
		335F09E41A15DD21001BCB49 /* TimeTrialExample */ = {
			isa = PBXNativeTarget;
			buildConfigurationList = 335F09EF1A15DD21001BCB49 /* Build configuration list for PBXNativeTarget "TimeTrialExample" */;
			buildPhases = (
				335F09E51A15DD21001BCB49 /* Sources */,
				335F09E81A15DD21001BCB49 /* Frameworks */,
				335F09EA1A15DD21001BCB49 /* Resources */,
				335F09ED1A15DD21001BCB49 /* Copy Frameworks */,
			);
			buildRules = (
			);
			dependencies = (
			);
			name = TimeTrialExample;
			productName = Bathyscaphe;
			productReference = 335F09F21A15DD21001BCB49 /* TimeTrialExample.app */;
			productType = "com.apple.product-type.application";
		};
		335F0A0A1A15ECFB001BCB49 /* CustomTrialExample */ = {
			isa = PBXNativeTarget;
			buildConfigurationList = 335F0A1B1A15ECFB001BCB49 /* Build configuration list for PBXNativeTarget "CustomTrialExample" */;
			buildPhases = (
				335F0A0B1A15ECFB001BCB49 /* Sources */,
				335F0A0E1A15ECFB001BCB49 /* Frameworks */,
				335F0A141A15ECFB001BCB49 /* Resources */,
				335F0A191A15ECFB001BCB49 /* Copy Frameworks */,
			);
			buildRules = (
			);
			dependencies = (
			);
			name = CustomTrialExample;
			productName = Bathyscaphe;
			productReference = 335F0A1E1A15ECFB001BCB49 /* CustomTrialExample.app */;
			productType = "com.apple.product-type.application";
		};
		335F0A4A1A15FE57001BCB49 /* ActivationsExample */ = {
			isa = PBXNativeTarget;
			buildConfigurationList = 335F0A5B1A15FE57001BCB49 /* Build configuration list for PBXNativeTarget "ActivationsExample" */;
			buildPhases = (
				335F0A4B1A15FE57001BCB49 /* Sources */,
				335F0A4E1A15FE57001BCB49 /* Frameworks */,
				335F0A541A15FE57001BCB49 /* Resources */,
				335F0A591A15FE57001BCB49 /* Copy Frameworks */,
			);
			buildRules = (
			);
			dependencies = (
			);
			name = ActivationsExample;
			productName = Bathyscaphe;
			productReference = 335F0A5E1A15FE57001BCB49 /* ActivationsExample.app */;
			productType = "com.apple.product-type.application";
		};
		33AB46BA1A1632A500273934 /* EmbeddedStoreExample */ = {
			isa = PBXNativeTarget;
			buildConfigurationList = 33AB46CD1A1632A500273934 /* Build configuration list for PBXNativeTarget "EmbeddedStoreExample" */;
			buildPhases = (
				33AB46BB1A1632A500273934 /* Sources */,
				33AB46BF1A1632A500273934 /* Frameworks */,
				33AB46C51A1632A500273934 /* Resources */,
				33AB46CB1A1632A500273934 /* Copy Frameworks */,
			);
			buildRules = (
			);
			dependencies = (
			);
			name = EmbeddedStoreExample;
			productName = Bathyscaphe;
			productReference = 33AB46D01A1632A500273934 /* EmbeddedStoreExample.app */;
			productType = "com.apple.product-type.application";
		};
		33AB47031A164D6400273934 /* URLSchemeExample */ = {
			isa = PBXNativeTarget;
			buildConfigurationList = 33AB47161A164D6400273934 /* Build configuration list for PBXNativeTarget "URLSchemeExample" */;
			buildPhases = (
				33AB47041A164D6400273934 /* Sources */,
				33AB47081A164D6400273934 /* Frameworks */,
				33AB470E1A164D6400273934 /* Resources */,
				33AB47141A164D6400273934 /* Copy Frameworks */,
			);
			buildRules = (
			);
			dependencies = (
			);
			name = URLSchemeExample;
			productName = Bathyscaphe;
			productReference = 33AB47191A164D6400273934 /* URLSchemeExample.app */;
			productType = "com.apple.product-type.application";
		};
		33BD91701B28466100FA1342 /* SwiftExample */ = {
			isa = PBXNativeTarget;
			buildConfigurationList = 33BD91881B28466100FA1342 /* Build configuration list for PBXNativeTarget "SwiftExample" */;
			buildPhases = (
				33BD916D1B28466100FA1342 /* Sources */,
				33BD916E1B28466100FA1342 /* Frameworks */,
				33BD916F1B28466100FA1342 /* Resources */,
				33BD91901B2848D800FA1342 /* Copy Frameworks */,
			);
			buildRules = (
			);
			dependencies = (
			);
			name = SwiftExample;
			productName = SwiftExample;
			productReference = 33BD91711B28466100FA1342 /* SwiftExample.app */;
			productType = "com.apple.product-type.application";
		};
		33EC2B6F1BDF82D40007F6E0 /* MainUpdaterExample */ = {
			isa = PBXNativeTarget;
			buildConfigurationList = 33EC2B7E1BDF82D40007F6E0 /* Build configuration list for PBXNativeTarget "MainUpdaterExample" */;
			buildPhases = (
				33EC2B6C1BDF82D40007F6E0 /* Sources */,
				33EC2B6D1BDF82D40007F6E0 /* Frameworks */,
				33EC2B6E1BDF82D40007F6E0 /* Resources */,
				33EC2B851BDF919E0007F6E0 /* Copy Files: Frameworks */,
				33EC2BB41BDFDEA40007F6E0 /* Copy Files: Helper */,
			);
			buildRules = (
			);
			dependencies = (
			);
			name = MainUpdaterExample;
			productName = MainUpdaterExample;
			productReference = 33EC2B701BDF82D40007F6E0 /* MainUpdaterExample.app */;
			productType = "com.apple.product-type.application";
		};
		33EC2B931BDF93840007F6E0 /* HelperExample */ = {
			isa = PBXNativeTarget;
			buildConfigurationList = 33EC2BA21BDF93840007F6E0 /* Build configuration list for PBXNativeTarget "HelperExample" */;
			buildPhases = (
				33EC2B901BDF93840007F6E0 /* Sources */,
				33EC2B911BDF93840007F6E0 /* Frameworks */,
				33EC2B921BDF93840007F6E0 /* Resources */,
				33EC2BB61BDFEC070007F6E0 /* Copy Files: Frameworks */,
			);
			buildRules = (
			);
			dependencies = (
			);
			name = HelperExample;
			productName = HelperExample;
			productReference = 33EC2B941BDF93840007F6E0 /* HelperExample.app */;
			productType = "com.apple.product-type.application";
		};
		33F004681B94533B00D86DE6 /* CustomTimeTrialExample */ = {
			isa = PBXNativeTarget;
			buildConfigurationList = 33F004831B94533B00D86DE6 /* Build configuration list for PBXNativeTarget "CustomTimeTrialExample" */;
			buildPhases = (
				33F004651B94533B00D86DE6 /* Sources */,
				33F004661B94533B00D86DE6 /* Frameworks */,
				33F004671B94533B00D86DE6 /* Resources */,
				33F0048A1B94540700D86DE6 /* Copy Frameworks */,
			);
			buildRules = (
			);
			dependencies = (
			);
			name = CustomTimeTrialExample;
			productName = CustomTimeTrialExample;
			productReference = 33F004691B94533B00D86DE6 /* CustomTimeTrialExample.app */;
			productType = "com.apple.product-type.application";
		};
/* End PBXNativeTarget section */

/* Begin PBXProject section */
		335F08B71A14BFD6001BCB49 /* Project object */ = {
			isa = PBXProject;
			attributes = {
				CLASSPREFIX = DM;
				LastSwiftUpdateCheck = 0700;
				LastUpgradeCheck = 0610;
				ORGANIZATIONNAME = "DevMate Inc.";
				TargetAttributes = {
					335F092E1A14F3E5001BCB49 = {
						CreatedOnToolsVersion = 6.1;
						DevelopmentTeamName = "DevMate Inc.";
					};
					335F09651A152B1F001BCB49 = {
						DevelopmentTeamName = "DevMate Inc.";
					};
					335F09911A152EC9001BCB49 = {
						DevelopmentTeam = 2M6BY8QGR8;
						DevelopmentTeamName = "DevMate Inc.";
						ProvisioningStyle = Automatic;
					};
					335F09A61A1530C9001BCB49 = {
						DevelopmentTeam = 2M6BY8QGR8;
						DevelopmentTeamName = "DevMate Inc.";
						ProvisioningStyle = Automatic;
					};
					335F09D11A15360B001BCB49 = {
						DevelopmentTeam = 2M6BY8QGR8;
						DevelopmentTeamName = "DevMate Inc.";
						ProvisioningStyle = Automatic;
					};
					335F09E41A15DD21001BCB49 = {
						DevelopmentTeam = 2M6BY8QGR8;
						DevelopmentTeamName = "DevMate Inc.";
						ProvisioningStyle = Automatic;
					};
					335F0A0A1A15ECFB001BCB49 = {
						DevelopmentTeam = 2M6BY8QGR8;
						DevelopmentTeamName = "DevMate Inc.";
						ProvisioningStyle = Automatic;
					};
					335F0A4A1A15FE57001BCB49 = {
						DevelopmentTeam = 2M6BY8QGR8;
						DevelopmentTeamName = "DevMate Inc.";
						ProvisioningStyle = Automatic;
					};
					33AB46BA1A1632A500273934 = {
						DevelopmentTeam = 2M6BY8QGR8;
						DevelopmentTeamName = "DevMate Inc.";
						ProvisioningStyle = Automatic;
					};
					33AB47031A164D6400273934 = {
						DevelopmentTeam = 2M6BY8QGR8;
						DevelopmentTeamName = "DevMate Inc.";
						ProvisioningStyle = Automatic;
					};
					33BD91701B28466100FA1342 = {
						CreatedOnToolsVersion = 6.3.2;
						DevelopmentTeamName = "DevMate Inc.";
						LastSwiftMigration = 0800;
						SystemCapabilities = {
							com.apple.Sandbox = {
								enabled = 0;
							};
						};
					};
					33EC2B6F1BDF82D40007F6E0 = {
						CreatedOnToolsVersion = 7.1;
						DevelopmentTeam = 2M6BY8QGR8;
						DevelopmentTeamName = "DevMate Inc.";
						ProvisioningStyle = Automatic;
					};
					33EC2B931BDF93840007F6E0 = {
						CreatedOnToolsVersion = 7.1;
						DevelopmentTeam = 2M6BY8QGR8;
						DevelopmentTeamName = "DevMate Inc.";
						ProvisioningStyle = Automatic;
						SystemCapabilities = {
							com.apple.ApplicationGroups.Mac = {
								enabled = 0;
							};
						};
					};
					33F004681B94533B00D86DE6 = {
						CreatedOnToolsVersion = 6.4;
						DevelopmentTeam = 2M6BY8QGR8;
						DevelopmentTeamName = "DevMate Inc.";
						ProvisioningStyle = Automatic;
					};
				};
			};
			buildConfigurationList = 335F08BA1A14BFD6001BCB49 /* Build configuration list for PBXProject "Examples" */;
			compatibilityVersion = "Xcode 3.2";
			developmentRegion = English;
			hasScannedForEncodings = 0;
			knownRegions = (
				en,
				Base,
			);
			mainGroup = 335F08B61A14BFD6001BCB49;
			productRefGroup = 335F08C01A14BFD6001BCB49 /* Products */;
			projectDirPath = "";
			projectRoot = "";
			targets = (
				335F092E1A14F3E5001BCB49 /* CustomIssuesReporterUI */,
				335F09651A152B1F001BCB49 /* TrackingExample */,
				335F09911A152EC9001BCB49 /* FeedbackExample */,
				335F09A61A1530C9001BCB49 /* IssuesExample */,
				335F09D11A15360B001BCB49 /* UpdatesExample */,
				335F09E41A15DD21001BCB49 /* TimeTrialExample */,
				335F0A0A1A15ECFB001BCB49 /* CustomTrialExample */,
				33F004681B94533B00D86DE6 /* CustomTimeTrialExample */,
				335F0A4A1A15FE57001BCB49 /* ActivationsExample */,
				33AB46BA1A1632A500273934 /* EmbeddedStoreExample */,
				33AB47031A164D6400273934 /* URLSchemeExample */,
				33BD91701B28466100FA1342 /* SwiftExample */,
				33EC2B6F1BDF82D40007F6E0 /* MainUpdaterExample */,
				33EC2B931BDF93840007F6E0 /* HelperExample */,
			);
		};
/* End PBXProject section */

/* Begin PBXResourcesBuildPhase section */
		335F092D1A14F3E5001BCB49 /* Resources */ = {
			isa = PBXResourcesBuildPhase;
			buildActionMask = 2147483647;
			files = (
				335F09541A14F933001BCB49 /* DMCustomIssuesWindow.xib in Resources */,
				335F09CD1A1533C2001BCB49 /* background.png in Resources */,
			);
			runOnlyForDeploymentPostprocessing = 0;
		};
		335F096F1A152B1F001BCB49 /* Resources */ = {
			isa = PBXResourcesBuildPhase;
			buildActionMask = 2147483647;
			files = (
				335F098C1A152C77001BCB49 /* MainMenu.xib in Resources */,
			);
			runOnlyForDeploymentPostprocessing = 0;
		};
		335F09971A152EC9001BCB49 /* Resources */ = {
			isa = PBXResourcesBuildPhase;
			buildActionMask = 2147483647;
			files = (
				335F09A41A15302C001BCB49 /* DMCustomFeedbackWindow.xib in Resources */,
				335F09A51A153038001BCB49 /* background.png in Resources */,
				335F09CC1A15337C001BCB49 /* MainMenu.xib in Resources */,
			);
			runOnlyForDeploymentPostprocessing = 0;
		};
		335F09AC1A1530C9001BCB49 /* Resources */ = {
			isa = PBXResourcesBuildPhase;
			buildActionMask = 2147483647;
			files = (
				335F09CB1A153372001BCB49 /* MainMenu.xib in Resources */,
			);
			runOnlyForDeploymentPostprocessing = 0;
		};
		335F09D71A15360B001BCB49 /* Resources */ = {
			isa = PBXResourcesBuildPhase;
			buildActionMask = 2147483647;
			files = (
				335F09E31A153674001BCB49 /* MainMenu.xib in Resources */,
			);
			runOnlyForDeploymentPostprocessing = 0;
		};
		335F09EA1A15DD21001BCB49 /* Resources */ = {
			isa = PBXResourcesBuildPhase;
			buildActionMask = 2147483647;
			files = (
				335F0A091A15E219001BCB49 /* background.png in Resources */,
				335F0A061A15DF1D001BCB49 /* MainMenu.xib in Resources */,
				335F0A081A15E0C9001BCB49 /* DMCustomActivationWindow.xib in Resources */,
			);
			runOnlyForDeploymentPostprocessing = 0;
		};
		335F0A141A15ECFB001BCB49 /* Resources */ = {
			isa = PBXResourcesBuildPhase;
			buildActionMask = 2147483647;
			files = (
				335F0A161A15ECFB001BCB49 /* background.png in Resources */,
				335F0A251A15ED3F001BCB49 /* DMCustomActivationWindow.xib in Resources */,
				335F0A271A15ED3F001BCB49 /* MainMenu.xib in Resources */,
			);
			runOnlyForDeploymentPostprocessing = 0;
		};
		335F0A541A15FE57001BCB49 /* Resources */ = {
			isa = PBXResourcesBuildPhase;
			buildActionMask = 2147483647;
			files = (
				335F0A561A15FE57001BCB49 /* background.png in Resources */,
				33AB46B81A16077400273934 /* DMLicenseInfoStepView.xib in Resources */,
				335F0A651A15FEA6001BCB49 /* DMCustomActivationWindow.xib in Resources */,
				335F0A671A15FEC3001BCB49 /* MainMenu.xib in Resources */,
			);
			runOnlyForDeploymentPostprocessing = 0;
		};
		33AB46C51A1632A500273934 /* Resources */ = {
			isa = PBXResourcesBuildPhase;
			buildActionMask = 2147483647;
			files = (
				33AB46DE1A16333D00273934 /* MainMenu.xib in Resources */,
			);
			runOnlyForDeploymentPostprocessing = 0;
		};
		33AB470E1A164D6400273934 /* Resources */ = {
			isa = PBXResourcesBuildPhase;
			buildActionMask = 2147483647;
			files = (
				33AB47291A1651C200273934 /* MainMenu.xib in Resources */,
			);
			runOnlyForDeploymentPostprocessing = 0;
		};
		33BD916F1B28466100FA1342 /* Resources */ = {
			isa = PBXResourcesBuildPhase;
			buildActionMask = 2147483647;
			files = (
				33BD917B1B28466100FA1342 /* MainMenu.xib in Resources */,
			);
			runOnlyForDeploymentPostprocessing = 0;
		};
		33EC2B6E1BDF82D40007F6E0 /* Resources */ = {
			isa = PBXResourcesBuildPhase;
			buildActionMask = 2147483647;
			files = (
				33EC2B8F1BDF93020007F6E0 /* MainMenu.xib in Resources */,
			);
			runOnlyForDeploymentPostprocessing = 0;
		};
		33EC2B921BDF93840007F6E0 /* Resources */ = {
			isa = PBXResourcesBuildPhase;
			buildActionMask = 2147483647;
			files = (
				33EC2B9D1BDF93840007F6E0 /* Assets.xcassets in Resources */,
			);
			runOnlyForDeploymentPostprocessing = 0;
		};
		33F004671B94533B00D86DE6 /* Resources */ = {
			isa = PBXResourcesBuildPhase;
			buildActionMask = 2147483647;
			files = (
				33A3D2AC1C9170D9002C66E6 /* MainMenu.xib in Resources */,
			);
			runOnlyForDeploymentPostprocessing = 0;
		};
/* End PBXResourcesBuildPhase section */

/* Begin PBXSourcesBuildPhase section */
		335F092A1A14F3E5001BCB49 /* Sources */ = {
			isa = PBXSourcesBuildPhase;
			buildActionMask = 2147483647;
			files = (
				335F09511A14F47A001BCB49 /* DMCustomIssuesWindowController.m in Sources */,
			);
			runOnlyForDeploymentPostprocessing = 0;
		};
		335F09681A152B1F001BCB49 /* Sources */ = {
			isa = PBXSourcesBuildPhase;
			buildActionMask = 2147483647;
			files = (
				335F09881A152BAC001BCB49 /* main.m in Sources */,
				335F09871A152B4F001BCB49 /* DMTrackingDelegate.m in Sources */,
			);
			runOnlyForDeploymentPostprocessing = 0;
		};
		335F09921A152EC9001BCB49 /* Sources */ = {
			isa = PBXSourcesBuildPhase;
			buildActionMask = 2147483647;
			files = (
				335F09A11A152F0F001BCB49 /* DMFeedbackDelegate.m in Sources */,
				335F09931A152EC9001BCB49 /* main.m in Sources */,
			);
			runOnlyForDeploymentPostprocessing = 0;
		};
		335F09A71A1530C9001BCB49 /* Sources */ = {
			isa = PBXSourcesBuildPhase;
			buildActionMask = 2147483647;
			files = (
				335F09C71A153173001BCB49 /* DMIssuesDelegate.m in Sources */,
				335F09A91A1530C9001BCB49 /* main.m in Sources */,
			);
			runOnlyForDeploymentPostprocessing = 0;
		};
		335F09D21A15360B001BCB49 /* Sources */ = {
			isa = PBXSourcesBuildPhase;
			buildActionMask = 2147483647;
			files = (
				335F09E11A153661001BCB49 /* DMUpdatesDelegate.m in Sources */,
				335F09D31A15360B001BCB49 /* main.m in Sources */,
			);
			runOnlyForDeploymentPostprocessing = 0;
		};
		335F09E51A15DD21001BCB49 /* Sources */ = {
			isa = PBXSourcesBuildPhase;
			buildActionMask = 2147483647;
			files = (
				335F09E61A15DD21001BCB49 /* main.m in Sources */,
				335F0A051A15DF1D001BCB49 /* DMTimeTrialDelegate.m in Sources */,
			);
			runOnlyForDeploymentPostprocessing = 0;
		};
		335F0A0B1A15ECFB001BCB49 /* Sources */ = {
			isa = PBXSourcesBuildPhase;
			buildActionMask = 2147483647;
			files = (
				335F0A261A15ED3F001BCB49 /* DMCustomTrialDelegate.m in Sources */,
				335F0A0C1A15ECFB001BCB49 /* main.m in Sources */,
			);
			runOnlyForDeploymentPostprocessing = 0;
		};
		335F0A4B1A15FE57001BCB49 /* Sources */ = {
			isa = PBXSourcesBuildPhase;
			buildActionMask = 2147483647;
			files = (
				335F0A4C1A15FE57001BCB49 /* main.m in Sources */,
				33AB46B71A16077400273934 /* DMLicenseInfoStepController.m in Sources */,
				335F0A641A15FEA6001BCB49 /* DMActivationsDelegate.m in Sources */,
			);
			runOnlyForDeploymentPostprocessing = 0;
		};
		33AB46BB1A1632A500273934 /* Sources */ = {
			isa = PBXSourcesBuildPhase;
			buildActionMask = 2147483647;
			files = (
				33AB46BC1A1632A500273934 /* main.m in Sources */,
				33AB46DA1A16333D00273934 /* DMActivationsDelegate.m in Sources */,
			);
			runOnlyForDeploymentPostprocessing = 0;
		};
		33AB47041A164D6400273934 /* Sources */ = {
			isa = PBXSourcesBuildPhase;
			buildActionMask = 2147483647;
			files = (
				33AB47051A164D6400273934 /* main.m in Sources */,
				33AB47241A1651C200273934 /* DMActivationsDelegate.m in Sources */,
			);
			runOnlyForDeploymentPostprocessing = 0;
		};
		33BD916D1B28466100FA1342 /* Sources */ = {
			isa = PBXSourcesBuildPhase;
			buildActionMask = 2147483647;
			files = (
				33BD91761B28466100FA1342 /* AppDelegate.swift in Sources */,
				33B640971B2EFA6F00F5F04D /* DMSwiftKevlar.m in Sources */,
			);
			runOnlyForDeploymentPostprocessing = 0;
		};
		33EC2B6C1BDF82D40007F6E0 /* Sources */ = {
			isa = PBXSourcesBuildPhase;
			buildActionMask = 2147483647;
			files = (
				33EC2B891BDF923B0007F6E0 /* main.m in Sources */,
				33EC2B741BDF82D40007F6E0 /* DMMainAppDelegate.m in Sources */,
			);
			runOnlyForDeploymentPostprocessing = 0;
		};
		33EC2B901BDF93840007F6E0 /* Sources */ = {
			isa = PBXSourcesBuildPhase;
			buildActionMask = 2147483647;
			files = (
				33EC2BA71BDF94BC0007F6E0 /* main.m in Sources */,
				33EC2B981BDF93840007F6E0 /* DMHelperAppDelegate.m in Sources */,
			);
			runOnlyForDeploymentPostprocessing = 0;
		};
		33F004651B94533B00D86DE6 /* Sources */ = {
			isa = PBXSourcesBuildPhase;
			buildActionMask = 2147483647;
			files = (
				33F0048E1B94553000D86DE6 /* main.m in Sources */,
				33F0046F1B94533B00D86DE6 /* DMCustomTimeTrialDelegate.m in Sources */,
			);
			runOnlyForDeploymentPostprocessing = 0;
		};
/* End PBXSourcesBuildPhase section */

/* Begin PBXTargetDependency section */
		335F09BA1A1530F9001BCB49 /* PBXTargetDependency */ = {
			isa = PBXTargetDependency;
			target = 335F092E1A14F3E5001BCB49 /* CustomIssuesReporterUI */;
			targetProxy = 335F09B91A1530F9001BCB49 /* PBXContainerItemProxy */;
		};
/* End PBXTargetDependency section */

/* Begin PBXVariantGroup section */
		33BD91791B28466100FA1342 /* MainMenu.xib */ = {
			isa = PBXVariantGroup;
			children = (
				33BD917A1B28466100FA1342 /* Base */,
			);
			name = MainMenu.xib;
			sourceTree = "<group>";
		};
/* End PBXVariantGroup section */

/* Begin XCBuildConfiguration section */
		335F08DA1A14BFD6001BCB49 /* Debug */ = {
			isa = XCBuildConfiguration;
			baseConfigurationReference = 33D9FE1A1ADD803D002A433B /* Examples.xcconfig */;
			buildSettings = {
				ALWAYS_SEARCH_USER_PATHS = NO;
				CLANG_CXX_LANGUAGE_STANDARD = "gnu++0x";
				CLANG_CXX_LIBRARY = "libc++";
				CLANG_ENABLE_MODULES = YES;
				CLANG_ENABLE_OBJC_ARC = YES;
				CLANG_WARN_BOOL_CONVERSION = YES;
				CLANG_WARN_CONSTANT_CONVERSION = YES;
				CLANG_WARN_DIRECT_OBJC_ISA_USAGE = YES_ERROR;
				CLANG_WARN_EMPTY_BODY = YES;
				CLANG_WARN_ENUM_CONVERSION = YES;
				CLANG_WARN_INT_CONVERSION = YES;
				CLANG_WARN_OBJC_ROOT_CLASS = YES_ERROR;
				CLANG_WARN_UNREACHABLE_CODE = YES;
				CLANG_WARN__DUPLICATE_METHOD_MATCH = YES;
				COMBINE_HIDPI_IMAGES = YES;
				COPY_PHASE_STRIP = NO;
				DEBUG_INFORMATION_FORMAT = dwarf;
				ENABLE_STRICT_OBJC_MSGSEND = YES;
				GCC_C_LANGUAGE_STANDARD = gnu99;
				GCC_DYNAMIC_NO_PIC = NO;
				GCC_OPTIMIZATION_LEVEL = 0;
				GCC_PREPROCESSOR_DEFINITIONS = (
					"DEBUG=1",
					"$(inherited)",
				);
				GCC_SYMBOLS_PRIVATE_EXTERN = NO;
				GCC_WARN_64_TO_32_BIT_CONVERSION = YES;
				GCC_WARN_ABOUT_RETURN_TYPE = YES_ERROR;
				GCC_WARN_UNDECLARED_SELECTOR = YES;
				GCC_WARN_UNINITIALIZED_AUTOS = YES_AGGRESSIVE;
				GCC_WARN_UNUSED_FUNCTION = YES;
				GCC_WARN_UNUSED_VARIABLE = YES;
				MACOSX_DEPLOYMENT_TARGET = 10.7;
				MTL_ENABLE_DEBUG_INFO = YES;
				ONLY_ACTIVE_ARCH = YES;
				SDKROOT = macosx;
			};
			name = Debug;
		};
		335F08DB1A14BFD6001BCB49 /* Release */ = {
			isa = XCBuildConfiguration;
			baseConfigurationReference = 33D9FE1A1ADD803D002A433B /* Examples.xcconfig */;
			buildSettings = {
				ALWAYS_SEARCH_USER_PATHS = NO;
				CLANG_CXX_LANGUAGE_STANDARD = "gnu++0x";
				CLANG_CXX_LIBRARY = "libc++";
				CLANG_ENABLE_MODULES = YES;
				CLANG_ENABLE_OBJC_ARC = YES;
				CLANG_WARN_BOOL_CONVERSION = YES;
				CLANG_WARN_CONSTANT_CONVERSION = YES;
				CLANG_WARN_DIRECT_OBJC_ISA_USAGE = YES_ERROR;
				CLANG_WARN_EMPTY_BODY = YES;
				CLANG_WARN_ENUM_CONVERSION = YES;
				CLANG_WARN_INT_CONVERSION = YES;
				CLANG_WARN_OBJC_ROOT_CLASS = YES_ERROR;
				CLANG_WARN_UNREACHABLE_CODE = YES;
				CLANG_WARN__DUPLICATE_METHOD_MATCH = YES;
				COMBINE_HIDPI_IMAGES = YES;
				COPY_PHASE_STRIP = YES;
				DEBUG_INFORMATION_FORMAT = "dwarf-with-dsym";
				ENABLE_NS_ASSERTIONS = NO;
				ENABLE_STRICT_OBJC_MSGSEND = YES;
				GCC_C_LANGUAGE_STANDARD = gnu99;
				GCC_WARN_64_TO_32_BIT_CONVERSION = YES;
				GCC_WARN_ABOUT_RETURN_TYPE = YES_ERROR;
				GCC_WARN_UNDECLARED_SELECTOR = YES;
				GCC_WARN_UNINITIALIZED_AUTOS = YES_AGGRESSIVE;
				GCC_WARN_UNUSED_FUNCTION = YES;
				GCC_WARN_UNUSED_VARIABLE = YES;
				MACOSX_DEPLOYMENT_TARGET = 10.7;
				MTL_ENABLE_DEBUG_INFO = NO;
				SDKROOT = macosx;
			};
			name = Release;
		};
		335F09491A14F3E5001BCB49 /* Debug */ = {
			isa = XCBuildConfiguration;
			buildSettings = {
				COMBINE_HIDPI_IMAGES = YES;
				CURRENT_PROJECT_VERSION = 1;
				DYLIB_COMPATIBILITY_VERSION = 1;
				DYLIB_CURRENT_VERSION = 1;
				DYLIB_INSTALL_NAME_BASE = "@rpath";
				FRAMEWORK_VERSION = A;
				INFOPLIST_FILE = IssuesExample/CustomIssuesReporterUI/Info.plist;
				INSTALL_PATH = "$(LOCAL_LIBRARY_DIR)/Frameworks";
				LD_RUNPATH_SEARCH_PATHS = "@loader_path/../../../";
				PRODUCT_NAME = "$(TARGET_NAME)";
				SKIP_INSTALL = YES;
				VERSIONING_SYSTEM = "apple-generic";
				VERSION_INFO_PREFIX = "";
			};
			name = Debug;
		};
		335F094A1A14F3E5001BCB49 /* Release */ = {
			isa = XCBuildConfiguration;
			buildSettings = {
				COMBINE_HIDPI_IMAGES = YES;
				CURRENT_PROJECT_VERSION = 1;
				DYLIB_COMPATIBILITY_VERSION = 1;
				DYLIB_CURRENT_VERSION = 1;
				DYLIB_INSTALL_NAME_BASE = "@rpath";
				FRAMEWORK_VERSION = A;
				INFOPLIST_FILE = IssuesExample/CustomIssuesReporterUI/Info.plist;
				INSTALL_PATH = "$(LOCAL_LIBRARY_DIR)/Frameworks";
				LD_RUNPATH_SEARCH_PATHS = "@loader_path/../../../";
				PRODUCT_NAME = "$(TARGET_NAME)";
				SKIP_INSTALL = YES;
				VERSIONING_SYSTEM = "apple-generic";
				VERSION_INFO_PREFIX = "";
			};
			name = Release;
		};
		335F097A1A152B1F001BCB49 /* Debug */ = {
			isa = XCBuildConfiguration;
			buildSettings = {
				PRODUCT_NAME = "${TARGET_NAME}";
			};
			name = Debug;
		};
		335F097B1A152B1F001BCB49 /* Release */ = {
			isa = XCBuildConfiguration;
			buildSettings = {
				PRODUCT_NAME = "${TARGET_NAME}";
			};
			name = Release;
		};
		335F099D1A152EC9001BCB49 /* Debug */ = {
			isa = XCBuildConfiguration;
			buildSettings = {
				PRODUCT_NAME = "${TARGET_NAME}";
			};
			name = Debug;
		};
		335F099E1A152EC9001BCB49 /* Release */ = {
			isa = XCBuildConfiguration;
			buildSettings = {
				PRODUCT_NAME = "${TARGET_NAME}";
			};
			name = Release;
		};
		335F09B51A1530C9001BCB49 /* Debug */ = {
			isa = XCBuildConfiguration;
			buildSettings = {
				PRODUCT_NAME = "${TARGET_NAME}";
			};
			name = Debug;
		};
		335F09B61A1530C9001BCB49 /* Release */ = {
			isa = XCBuildConfiguration;
			buildSettings = {
				PRODUCT_NAME = "${TARGET_NAME}";
			};
			name = Release;
		};
		335F09DD1A15360B001BCB49 /* Debug */ = {
			isa = XCBuildConfiguration;
			buildSettings = {
				PRODUCT_NAME = "${TARGET_NAME}";
			};
			name = Debug;
		};
		335F09DE1A15360B001BCB49 /* Release */ = {
			isa = XCBuildConfiguration;
			buildSettings = {
				PRODUCT_NAME = "${TARGET_NAME}";
			};
			name = Release;
		};
		335F09F01A15DD21001BCB49 /* Debug */ = {
			isa = XCBuildConfiguration;
			baseConfigurationReference = 33D9FE261ADEDE15002A433B /* TrialAndActivation.xcconfig */;
			buildSettings = {
				PRODUCT_NAME = "${TARGET_NAME}";
			};
			name = Debug;
		};
		335F09F11A15DD21001BCB49 /* Release */ = {
			isa = XCBuildConfiguration;
			baseConfigurationReference = 33D9FE261ADEDE15002A433B /* TrialAndActivation.xcconfig */;
			buildSettings = {
				PRODUCT_NAME = "${TARGET_NAME}";
			};
			name = Release;
		};
		335F0A1C1A15ECFB001BCB49 /* Debug */ = {
			isa = XCBuildConfiguration;
			baseConfigurationReference = 33D9FE261ADEDE15002A433B /* TrialAndActivation.xcconfig */;
			buildSettings = {
				PRODUCT_NAME = "${TARGET_NAME}";
			};
			name = Debug;
		};
		335F0A1D1A15ECFB001BCB49 /* Release */ = {
			isa = XCBuildConfiguration;
			baseConfigurationReference = 33D9FE261ADEDE15002A433B /* TrialAndActivation.xcconfig */;
			buildSettings = {
				PRODUCT_NAME = "${TARGET_NAME}";
			};
			name = Release;
		};
		335F0A5C1A15FE57001BCB49 /* Debug */ = {
			isa = XCBuildConfiguration;
			baseConfigurationReference = 33D9FE261ADEDE15002A433B /* TrialAndActivation.xcconfig */;
			buildSettings = {
				PRODUCT_NAME = "${TARGET_NAME}";
			};
			name = Debug;
		};
		335F0A5D1A15FE57001BCB49 /* Release */ = {
			isa = XCBuildConfiguration;
			baseConfigurationReference = 33D9FE261ADEDE15002A433B /* TrialAndActivation.xcconfig */;
			buildSettings = {
				PRODUCT_NAME = "${TARGET_NAME}";
			};
			name = Release;
		};
		33AB46CE1A1632A500273934 /* Debug */ = {
			isa = XCBuildConfiguration;
			baseConfigurationReference = 33D9FE261ADEDE15002A433B /* TrialAndActivation.xcconfig */;
			buildSettings = {
				PRODUCT_NAME = "${TARGET_NAME}";
			};
			name = Debug;
		};
		33AB46CF1A1632A500273934 /* Release */ = {
			isa = XCBuildConfiguration;
			baseConfigurationReference = 33D9FE261ADEDE15002A433B /* TrialAndActivation.xcconfig */;
			buildSettings = {
				PRODUCT_NAME = "${TARGET_NAME}";
			};
			name = Release;
		};
		33AB47171A164D6400273934 /* Debug */ = {
			isa = XCBuildConfiguration;
			baseConfigurationReference = 33D9FE261ADEDE15002A433B /* TrialAndActivation.xcconfig */;
			buildSettings = {
				INFOPLIST_FILE = URLSchemeExample/Info.plist;
				PRODUCT_NAME = "${TARGET_NAME}";
			};
			name = Debug;
		};
		33AB47181A164D6400273934 /* Release */ = {
			isa = XCBuildConfiguration;
			baseConfigurationReference = 33D9FE261ADEDE15002A433B /* TrialAndActivation.xcconfig */;
			buildSettings = {
				INFOPLIST_FILE = URLSchemeExample/Info.plist;
				PRODUCT_NAME = "${TARGET_NAME}";
			};
			name = Release;
		};
		33BD91891B28466100FA1342 /* Debug */ = {
			isa = XCBuildConfiguration;
			baseConfigurationReference = 33BD91941B284A3B00FA1342 /* Swift.xcconfig */;
			buildSettings = {
				PRODUCT_NAME = "$(TARGET_NAME)";
				SWIFT_VERSION = 4.0;
			};
			name = Debug;
		};
		33BD918A1B28466100FA1342 /* Release */ = {
			isa = XCBuildConfiguration;
			baseConfigurationReference = 33BD91941B284A3B00FA1342 /* Swift.xcconfig */;
			buildSettings = {
				PRODUCT_NAME = "$(TARGET_NAME)";
				SWIFT_VERSION = 4.0;
			};
			name = Release;
		};
		33EC2B7F1BDF82D40007F6E0 /* Debug */ = {
			isa = XCBuildConfiguration;
			buildSettings = {
				CODE_SIGN_ENTITLEMENTS = "";
				COMBINE_HIDPI_IMAGES = YES;
				ENABLE_TESTABILITY = YES;
				GCC_NO_COMMON_BLOCKS = YES;
				PRODUCT_NAME = "$(TARGET_NAME)";
			};
			name = Debug;
		};
		33EC2B801BDF82D40007F6E0 /* Release */ = {
			isa = XCBuildConfiguration;
			buildSettings = {
				CODE_SIGN_ENTITLEMENTS = "";
				COMBINE_HIDPI_IMAGES = YES;
				GCC_NO_COMMON_BLOCKS = YES;
				PRODUCT_NAME = "$(TARGET_NAME)";
			};
			name = Release;
		};
		33EC2BA31BDF93840007F6E0 /* Debug */ = {
			isa = XCBuildConfiguration;
			buildSettings = {
				ASSETCATALOG_COMPILER_APPICON_NAME = AppIcon;
				CODE_SIGN_ENTITLEMENTS = "";
				COMBINE_HIDPI_IMAGES = YES;
				ENABLE_TESTABILITY = YES;
				GCC_NO_COMMON_BLOCKS = YES;
				INFOPLIST_FILE = MainUpdaterExample/HelperExample/Info.plist;
				PRODUCT_BUNDLE_IDENTIFIER = com.devmate.HelperExample;
				PRODUCT_NAME = "$(TARGET_NAME)";
			};
			name = Debug;
		};
		33EC2BA41BDF93840007F6E0 /* Release */ = {
			isa = XCBuildConfiguration;
			buildSettings = {
				ASSETCATALOG_COMPILER_APPICON_NAME = AppIcon;
				CODE_SIGN_ENTITLEMENTS = "";
				COMBINE_HIDPI_IMAGES = YES;
				GCC_NO_COMMON_BLOCKS = YES;
				INFOPLIST_FILE = MainUpdaterExample/HelperExample/Info.plist;
				PRODUCT_BUNDLE_IDENTIFIER = com.devmate.HelperExample;
				PRODUCT_NAME = "$(TARGET_NAME)";
			};
			name = Release;
		};
		33F004841B94533B00D86DE6 /* Debug */ = {
			isa = XCBuildConfiguration;
			baseConfigurationReference = 33D9FE261ADEDE15002A433B /* TrialAndActivation.xcconfig */;
			buildSettings = {
				PRODUCT_NAME = "$(TARGET_NAME)";
			};
			name = Debug;
		};
		33F004851B94533B00D86DE6 /* Release */ = {
			isa = XCBuildConfiguration;
			baseConfigurationReference = 33D9FE261ADEDE15002A433B /* TrialAndActivation.xcconfig */;
			buildSettings = {
				PRODUCT_NAME = "$(TARGET_NAME)";
			};
			name = Release;
		};
/* End XCBuildConfiguration section */

/* Begin XCConfigurationList section */
		335F08BA1A14BFD6001BCB49 /* Build configuration list for PBXProject "Examples" */ = {
			isa = XCConfigurationList;
			buildConfigurations = (
				335F08DA1A14BFD6001BCB49 /* Debug */,
				335F08DB1A14BFD6001BCB49 /* Release */,
			);
			defaultConfigurationIsVisible = 0;
			defaultConfigurationName = Release;
		};
		335F09481A14F3E5001BCB49 /* Build configuration list for PBXNativeTarget "CustomIssuesReporterUI" */ = {
			isa = XCConfigurationList;
			buildConfigurations = (
				335F09491A14F3E5001BCB49 /* Debug */,
				335F094A1A14F3E5001BCB49 /* Release */,
			);
			defaultConfigurationIsVisible = 0;
			defaultConfigurationName = Release;
		};
		335F09791A152B1F001BCB49 /* Build configuration list for PBXNativeTarget "TrackingExample" */ = {
			isa = XCConfigurationList;
			buildConfigurations = (
				335F097A1A152B1F001BCB49 /* Debug */,
				335F097B1A152B1F001BCB49 /* Release */,
			);
			defaultConfigurationIsVisible = 0;
			defaultConfigurationName = Release;
		};
		335F099C1A152EC9001BCB49 /* Build configuration list for PBXNativeTarget "FeedbackExample" */ = {
			isa = XCConfigurationList;
			buildConfigurations = (
				335F099D1A152EC9001BCB49 /* Debug */,
				335F099E1A152EC9001BCB49 /* Release */,
			);
			defaultConfigurationIsVisible = 0;
			defaultConfigurationName = Release;
		};
		335F09B41A1530C9001BCB49 /* Build configuration list for PBXNativeTarget "IssuesExample" */ = {
			isa = XCConfigurationList;
			buildConfigurations = (
				335F09B51A1530C9001BCB49 /* Debug */,
				335F09B61A1530C9001BCB49 /* Release */,
			);
			defaultConfigurationIsVisible = 0;
			defaultConfigurationName = Release;
		};
		335F09DC1A15360B001BCB49 /* Build configuration list for PBXNativeTarget "UpdatesExample" */ = {
			isa = XCConfigurationList;
			buildConfigurations = (
				335F09DD1A15360B001BCB49 /* Debug */,
				335F09DE1A15360B001BCB49 /* Release */,
			);
			defaultConfigurationIsVisible = 0;
			defaultConfigurationName = Release;
		};
		335F09EF1A15DD21001BCB49 /* Build configuration list for PBXNativeTarget "TimeTrialExample" */ = {
			isa = XCConfigurationList;
			buildConfigurations = (
				335F09F01A15DD21001BCB49 /* Debug */,
				335F09F11A15DD21001BCB49 /* Release */,
			);
			defaultConfigurationIsVisible = 0;
			defaultConfigurationName = Release;
		};
		335F0A1B1A15ECFB001BCB49 /* Build configuration list for PBXNativeTarget "CustomTrialExample" */ = {
			isa = XCConfigurationList;
			buildConfigurations = (
				335F0A1C1A15ECFB001BCB49 /* Debug */,
				335F0A1D1A15ECFB001BCB49 /* Release */,
			);
			defaultConfigurationIsVisible = 0;
			defaultConfigurationName = Release;
		};
		335F0A5B1A15FE57001BCB49 /* Build configuration list for PBXNativeTarget "ActivationsExample" */ = {
			isa = XCConfigurationList;
			buildConfigurations = (
				335F0A5C1A15FE57001BCB49 /* Debug */,
				335F0A5D1A15FE57001BCB49 /* Release */,
			);
			defaultConfigurationIsVisible = 0;
			defaultConfigurationName = Release;
		};
		33AB46CD1A1632A500273934 /* Build configuration list for PBXNativeTarget "EmbeddedStoreExample" */ = {
			isa = XCConfigurationList;
			buildConfigurations = (
				33AB46CE1A1632A500273934 /* Debug */,
				33AB46CF1A1632A500273934 /* Release */,
			);
			defaultConfigurationIsVisible = 0;
			defaultConfigurationName = Release;
		};
		33AB47161A164D6400273934 /* Build configuration list for PBXNativeTarget "URLSchemeExample" */ = {
			isa = XCConfigurationList;
			buildConfigurations = (
				33AB47171A164D6400273934 /* Debug */,
				33AB47181A164D6400273934 /* Release */,
			);
			defaultConfigurationIsVisible = 0;
			defaultConfigurationName = Release;
		};
		33BD91881B28466100FA1342 /* Build configuration list for PBXNativeTarget "SwiftExample" */ = {
			isa = XCConfigurationList;
			buildConfigurations = (
				33BD91891B28466100FA1342 /* Debug */,
				33BD918A1B28466100FA1342 /* Release */,
			);
			defaultConfigurationIsVisible = 0;
			defaultConfigurationName = Release;
		};
		33EC2B7E1BDF82D40007F6E0 /* Build configuration list for PBXNativeTarget "MainUpdaterExample" */ = {
			isa = XCConfigurationList;
			buildConfigurations = (
				33EC2B7F1BDF82D40007F6E0 /* Debug */,
				33EC2B801BDF82D40007F6E0 /* Release */,
			);
			defaultConfigurationIsVisible = 0;
			defaultConfigurationName = Release;
		};
		33EC2BA21BDF93840007F6E0 /* Build configuration list for PBXNativeTarget "HelperExample" */ = {
			isa = XCConfigurationList;
			buildConfigurations = (
				33EC2BA31BDF93840007F6E0 /* Debug */,
				33EC2BA41BDF93840007F6E0 /* Release */,
			);
			defaultConfigurationIsVisible = 0;
			defaultConfigurationName = Release;
		};
		33F004831B94533B00D86DE6 /* Build configuration list for PBXNativeTarget "CustomTimeTrialExample" */ = {
			isa = XCConfigurationList;
			buildConfigurations = (
				33F004841B94533B00D86DE6 /* Debug */,
				33F004851B94533B00D86DE6 /* Release */,
			);
			defaultConfigurationIsVisible = 0;
			defaultConfigurationName = Release;
		};
/* End XCConfigurationList section */
	};
	rootObject = 335F08B71A14BFD6001BCB49 /* Project object */;
}
